// !$*UTF8*$!
{
	archiveVersion = 1;
	classes = {
	};
	objectVersion = 46;
	objects = {

/* Begin PBXBuildFile section */
		520D12E81EFABF920049604D /* HoupNotifications.swift in Sources */ = {isa = PBXBuildFile; fileRef = 520D12E71EFABF920049604D /* HoupNotifications.swift */; };
		52102E0A1E89850F005715A9 /* DBViews.swift in Sources */ = {isa = PBXBuildFile; fileRef = 52102E091E89850F005715A9 /* DBViews.swift */; };
		52102E0C1E898556005715A9 /* DBFunctions.swift in Sources */ = {isa = PBXBuildFile; fileRef = 52102E0B1E898556005715A9 /* DBFunctions.swift */; };
		5218B64C1E8047F400B502DF /* CustomTextField.swift in Sources */ = {isa = PBXBuildFile; fileRef = 5218B64B1E8047F400B502DF /* CustomTextField.swift */; };
		521AF4941E92AC06007D2E36 /* PrivateGroupWithThreadsController.swift in Sources */ = {isa = PBXBuildFile; fileRef = 521AF4931E92AC06007D2E36 /* PrivateGroupWithThreadsController.swift */; };
		521AF4961E92DBB9007D2E36 /* PrivateGroupThreadsCell.swift in Sources */ = {isa = PBXBuildFile; fileRef = 521AF4951E92DBB9007D2E36 /* PrivateGroupThreadsCell.swift */; };
		521C0C031EB0E75200D05F8F /* Comment.swift in Sources */ = {isa = PBXBuildFile; fileRef = 521C0C021EB0E75200D05F8F /* Comment.swift */; };
		521EB0501E8ABD46009D472C /* CustomTabBarController.swift in Sources */ = {isa = PBXBuildFile; fileRef = 521EB04F1E8ABD46009D472C /* CustomTabBarController.swift */; };
		521EB0521E8ABE1F009D472C /* PrivateGroupCollectionViewController.swift in Sources */ = {isa = PBXBuildFile; fileRef = 521EB0511E8ABE1F009D472C /* PrivateGroupCollectionViewController.swift */; };
		521EB0541E8AC596009D472C /* PublicGroupThreadsController.swift in Sources */ = {isa = PBXBuildFile; fileRef = 521EB0531E8AC596009D472C /* PublicGroupThreadsController.swift */; };
		521EB0581E8AC72B009D472C /* SettingsCollectionViewController.swift in Sources */ = {isa = PBXBuildFile; fileRef = 521EB0571E8AC72B009D472C /* SettingsCollectionViewController.swift */; };
		521EB05A1E8AE3BA009D472C /* GetString.swift in Sources */ = {isa = PBXBuildFile; fileRef = 521EB0591E8AE3BA009D472C /* GetString.swift */; };
		521ECCA01E8BB9C6001C10BC /* PrivateGroup.swift in Sources */ = {isa = PBXBuildFile; fileRef = 521ECC9F1E8BB9C6001C10BC /* PrivateGroup.swift */; };
		521ECCA21E8BBC42001C10BC /* CreatePrivateGroupViewController.swift in Sources */ = {isa = PBXBuildFile; fileRef = 521ECCA11E8BBC42001C10BC /* CreatePrivateGroupViewController.swift */; };
		521ECCA41E8BDACE001C10BC /* MakeRequestPrivateGroupViewController.swift in Sources */ = {isa = PBXBuildFile; fileRef = 521ECCA31E8BDACE001C10BC /* MakeRequestPrivateGroupViewController.swift */; };
		521ECCA61E8BDE8C001C10BC /* CustomNavigationBarController.swift in Sources */ = {isa = PBXBuildFile; fileRef = 521ECCA51E8BDE8C001C10BC /* CustomNavigationBarController.swift */; };
		523391631E95462000A867D9 /* PrivateGroupCommentsCellHandler.swift in Sources */ = {isa = PBXBuildFile; fileRef = 523391621E95462000A867D9 /* PrivateGroupCommentsCellHandler.swift */; };
		523391651E95466A00A867D9 /* PrivateGroupCommentsCollectionViewControllerHandler.swift in Sources */ = {isa = PBXBuildFile; fileRef = 523391641E95466A00A867D9 /* PrivateGroupCommentsCollectionViewControllerHandler.swift */; };
		523391681E95480300A867D9 /* PrivateGroupWithThreadsControllerHandler.swift in Sources */ = {isa = PBXBuildFile; fileRef = 523391671E95480300A867D9 /* PrivateGroupWithThreadsControllerHandler.swift */; };
		5233916A1E95499A00A867D9 /* PublicGroupThreadsCell.swift in Sources */ = {isa = PBXBuildFile; fileRef = 523391691E95499A00A867D9 /* PublicGroupThreadsCell.swift */; };
		5233916D1E954DEE00A867D9 /* CreateGroupThreadController.swift in Sources */ = {isa = PBXBuildFile; fileRef = 5233916C1E954DEE00A867D9 /* CreateGroupThreadController.swift */; };
		523391701E9559F000A867D9 /* CreateGroupThreadHandler.swift in Sources */ = {isa = PBXBuildFile; fileRef = 5233916F1E9559F000A867D9 /* CreateGroupThreadHandler.swift */; };
		523391731E96AA9A00A867D9 /* PublicGroupThreadWithCommentsController.swift in Sources */ = {isa = PBXBuildFile; fileRef = 523391721E96AA9A00A867D9 /* PublicGroupThreadWithCommentsController.swift */; };
		523391751E96AADA00A867D9 /* PublicGroupCommentsCell.swift in Sources */ = {isa = PBXBuildFile; fileRef = 523391741E96AADA00A867D9 /* PublicGroupCommentsCell.swift */; };
		523391781E97931200A867D9 /* PrivateGroupRequestsAndMembersList.swift in Sources */ = {isa = PBXBuildFile; fileRef = 523391771E97931200A867D9 /* PrivateGroupRequestsAndMembersList.swift */; };
		5233917A1E97A03200A867D9 /* PrivateGroupRequestsAndMembersCell.swift in Sources */ = {isa = PBXBuildFile; fileRef = 523391791E97A03200A867D9 /* PrivateGroupRequestsAndMembersCell.swift */; };
		5233917C1E97CE9C00A867D9 /* PrivateGroupRequestsAndMembersHeader.swift in Sources */ = {isa = PBXBuildFile; fileRef = 5233917B1E97CE9C00A867D9 /* PrivateGroupRequestsAndMembersHeader.swift */; };
		52499A511E7BF7FD006061B2 /* AppDelegate.swift in Sources */ = {isa = PBXBuildFile; fileRef = 52499A501E7BF7FD006061B2 /* AppDelegate.swift */; };
		52499A531E7BF7FD006061B2 /* LoginViewController.swift in Sources */ = {isa = PBXBuildFile; fileRef = 52499A521E7BF7FD006061B2 /* LoginViewController.swift */; };
		52499A591E7BF7FD006061B2 /* Houp.xcdatamodeld in Sources */ = {isa = PBXBuildFile; fileRef = 52499A571E7BF7FD006061B2 /* Houp.xcdatamodeld */; };
		52499A5B1E7BF7FD006061B2 /* Assets.xcassets in Resources */ = {isa = PBXBuildFile; fileRef = 52499A5A1E7BF7FD006061B2 /* Assets.xcassets */; };
		52499A671E7BF821006061B2 /* UIViewExtension.swift in Sources */ = {isa = PBXBuildFile; fileRef = 52499A661E7BF821006061B2 /* UIViewExtension.swift */; };
		52499A691E7BFB95006061B2 /* UIColorExtension.swift in Sources */ = {isa = PBXBuildFile; fileRef = 52499A681E7BFB95006061B2 /* UIColorExtension.swift */; };
		525B69801EC9D57700E8C3C8 /* CommentsSectionHeader.swift in Sources */ = {isa = PBXBuildFile; fileRef = 525B697F1EC9D57700E8C3C8 /* CommentsSectionHeader.swift */; };
		525B69821ECB0AC600E8C3C8 /* ActivityWeekCollectionHandler.swift in Sources */ = {isa = PBXBuildFile; fileRef = 525B69811ECB0AC600E8C3C8 /* ActivityWeekCollectionHandler.swift */; };
		525B69861ECB2BAA00E8C3C8 /* ShowActivitiesInPrivateGroupControllerHandler.swift in Sources */ = {isa = PBXBuildFile; fileRef = 525B69851ECB2BAA00E8C3C8 /* ShowActivitiesInPrivateGroupControllerHandler.swift */; };
		525B69881ECB2BF600E8C3C8 /* ShowActivitiesInPrivateGroupCellHandler.swift in Sources */ = {isa = PBXBuildFile; fileRef = 525B69871ECB2BF600E8C3C8 /* ShowActivitiesInPrivateGroupCellHandler.swift */; };
		525B698E1ECB2E3D00E8C3C8 /* PrivateGroupRequestsAndMembersListHandler.swift in Sources */ = {isa = PBXBuildFile; fileRef = 525B698D1ECB2E3D00E8C3C8 /* PrivateGroupRequestsAndMembersListHandler.swift */; };
		525B69901ECB2E7E00E8C3C8 /* PrivateGroupRequestsAndMembersCellHandler.swift in Sources */ = {isa = PBXBuildFile; fileRef = 525B698F1ECB2E7E00E8C3C8 /* PrivateGroupRequestsAndMembersCellHandler.swift */; };
		5283A0FB1EDC8DA50098E678 /* TempStorageAndCompare.swift in Sources */ = {isa = PBXBuildFile; fileRef = 5283A0FA1EDC8DA50098E678 /* TempStorageAndCompare.swift */; };
		528986FF1E83E86400322A99 /* ImageCache.swift in Sources */ = {isa = PBXBuildFile; fileRef = 528986FE1E83E86400322A99 /* ImageCache.swift */; };
		528987021E83F5CC00322A99 /* DBConnection.swift in Sources */ = {isa = PBXBuildFile; fileRef = 528987011E83F5CC00322A99 /* DBConnection.swift */; };
		528CFCBE1E80623100B6993D /* LoginHandler.swift in Sources */ = {isa = PBXBuildFile; fileRef = 528CFCBD1E80623100B6993D /* LoginHandler.swift */; };
		528CFCC31E8139E700B6993D /* RegistrationUserNameController.swift in Sources */ = {isa = PBXBuildFile; fileRef = 528CFCC21E8139E700B6993D /* RegistrationUserNameController.swift */; };
		529389F91F019A550027A448 /* CompareAndSaveUser.swift in Sources */ = {isa = PBXBuildFile; fileRef = 529389F81F019A550027A448 /* CompareAndSaveUser.swift */; };
		529389FB1F019AB30027A448 /* CompareAndSaveGroup.swift in Sources */ = {isa = PBXBuildFile; fileRef = 529389FA1F019AB30027A448 /* CompareAndSaveGroup.swift */; };
		529389FD1F019B1F0027A448 /* CompareAndSaveGroupActivities.swift in Sources */ = {isa = PBXBuildFile; fileRef = 529389FC1F019B1F0027A448 /* CompareAndSaveGroupActivities.swift */; };
		529389FF1F019B7F0027A448 /* CompareAndSaveActivitiesOfWeek.swift in Sources */ = {isa = PBXBuildFile; fileRef = 529389FE1F019B7F0027A448 /* CompareAndSaveActivitiesOfWeek.swift */; };
		52938A011F019BC00027A448 /* CompareAndSaveThreads.swift in Sources */ = {isa = PBXBuildFile; fileRef = 52938A001F019BC00027A448 /* CompareAndSaveThreads.swift */; };
		529BB64C1E9EB01800776D16 /* DateExtension.swift in Sources */ = {isa = PBXBuildFile; fileRef = 529BB64B1E9EB01800776D16 /* DateExtension.swift */; };
		529BB64E1EA67A9D00776D16 /* UserObject.swift in Sources */ = {isa = PBXBuildFile; fileRef = 529BB64D1EA67A9D00776D16 /* UserObject.swift */; };
		529BB6501EA7848700776D16 /* Thread.swift in Sources */ = {isa = PBXBuildFile; fileRef = 529BB64F1EA7848700776D16 /* Thread.swift */; };
		529E573A1ED0783A00256090 /* Timer.swift in Sources */ = {isa = PBXBuildFile; fileRef = 529E57391ED0783A00256090 /* Timer.swift */; };
		529E573C1ED4832900256090 /* CalendarObject.swift in Sources */ = {isa = PBXBuildFile; fileRef = 529E573B1ED4832800256090 /* CalendarObject.swift */; };
		529E573F1ED4AAA700256090 /* EditPrivateGroup.swift in Sources */ = {isa = PBXBuildFile; fileRef = 529E573E1ED4AAA700256090 /* EditPrivateGroup.swift */; };
		529E57411ED4AAB800256090 /* EditPrivateGroupHandler.swift in Sources */ = {isa = PBXBuildFile; fileRef = 529E57401ED4AAB800256090 /* EditPrivateGroupHandler.swift */; };
		529E57451ED5F95E00256090 /* EditThread.swift in Sources */ = {isa = PBXBuildFile; fileRef = 529E57441ED5F95E00256090 /* EditThread.swift */; };
		529E57471ED5F96B00256090 /* EditThreadHandler.swift in Sources */ = {isa = PBXBuildFile; fileRef = 529E57461ED5F96B00256090 /* EditThreadHandler.swift */; };
		52A1B96C1E94179E002D7DDB /* PrivateGroupCommentsCollectionViewController.swift in Sources */ = {isa = PBXBuildFile; fileRef = 52A1B96B1E94179E002D7DDB /* PrivateGroupCommentsCollectionViewController.swift */; };
		52A1B96E1E941B98002D7DDB /* PrivateGroupCommentsCell.swift in Sources */ = {isa = PBXBuildFile; fileRef = 52A1B96D1E941B98002D7DDB /* PrivateGroupCommentsCell.swift */; };
		52A75F551E81723E0038CF4F /* RegistrationNamePrenameController.swift in Sources */ = {isa = PBXBuildFile; fileRef = 52A75F541E81723E0038CF4F /* RegistrationNamePrenameController.swift */; };
		52A75F571E81781E0038CF4F /* RegistrationUserNameHandler.swift in Sources */ = {isa = PBXBuildFile; fileRef = 52A75F561E81781E0038CF4F /* RegistrationUserNameHandler.swift */; };
		52A75F591E8179840038CF4F /* RegistrationPersonalDataHandler.swift in Sources */ = {isa = PBXBuildFile; fileRef = 52A75F581E8179840038CF4F /* RegistrationPersonalDataHandler.swift */; };
		52A75F5C1E81960D0038CF4F /* RegistrationAgeGenderController.swift in Sources */ = {isa = PBXBuildFile; fileRef = 52A75F5B1E81960D0038CF4F /* RegistrationAgeGenderController.swift */; };
		52A75F601E819DBA0038CF4F /* RegistrationEmailPasswordController.swift in Sources */ = {isa = PBXBuildFile; fileRef = 52A75F5F1E819DBA0038CF4F /* RegistrationEmailPasswordController.swift */; };
		52A75F621E819E2F0038CF4F /* RegistrationAgeGenderHandler.swift in Sources */ = {isa = PBXBuildFile; fileRef = 52A75F611E819E2F0038CF4F /* RegistrationAgeGenderHandler.swift */; };
		52A75F641E819E5F0038CF4F /* RegistrationEmailPasswordHandler.swift in Sources */ = {isa = PBXBuildFile; fileRef = 52A75F631E819E5F0038CF4F /* RegistrationEmailPasswordHandler.swift */; };
		52A75F671E81A9830038CF4F /* CustomViews.swift in Sources */ = {isa = PBXBuildFile; fileRef = 52A75F661E81A9830038CF4F /* CustomViews.swift */; };
		52D5AF911E8D5E770007C448 /* PrivateGroupExtension.swift in Sources */ = {isa = PBXBuildFile; fileRef = 52D5AF901E8D5E770007C448 /* PrivateGroupExtension.swift */; };
		52D5AF941E8D5ECD0007C448 /* SettingsHandler.swift in Sources */ = {isa = PBXBuildFile; fileRef = 52D5AF931E8D5ECD0007C448 /* SettingsHandler.swift */; };
		52D5AF971E8D5F680007C448 /* MakeRequestToPrivateGroupHandler.swift in Sources */ = {isa = PBXBuildFile; fileRef = 52D5AF961E8D5F680007C448 /* MakeRequestToPrivateGroupHandler.swift */; };
		52D5AF9A1E8D5FE40007C448 /* CreateNewPrivateGroupHandler.swift in Sources */ = {isa = PBXBuildFile; fileRef = 52D5AF991E8D5FE40007C448 /* CreateNewPrivateGroupHandler.swift */; };
		52D5AF9C1E8D64BD0007C448 /* PrivateGroupsCell.swift in Sources */ = {isa = PBXBuildFile; fileRef = 52D5AF9B1E8D64BD0007C448 /* PrivateGroupsCell.swift */; };
		52D5AF9E1E8D7AA30007C448 /* UITextViewExtension.swift in Sources */ = {isa = PBXBuildFile; fileRef = 52D5AF9D1E8D7AA30007C448 /* UITextViewExtension.swift */; };
		52D5D6061EF148BC009ACC3E /* PrivateGroupCollectionCellHandler.swift in Sources */ = {isa = PBXBuildFile; fileRef = 52D5D6051EF148BC009ACC3E /* PrivateGroupCollectionCellHandler.swift */; };
		52D5D6091EF295C3009ACC3E /* EditActivity.swift in Sources */ = {isa = PBXBuildFile; fileRef = 52D5D6081EF295C3009ACC3E /* EditActivity.swift */; };
		52D5D60B1EF295D3009ACC3E /* EditActivityHandler.swift in Sources */ = {isa = PBXBuildFile; fileRef = 52D5D60A1EF295D3009ACC3E /* EditActivityHandler.swift */; };
		52D5D60D1EF29F63009ACC3E /* ActivityWeekCollectionCellHandler.swift in Sources */ = {isa = PBXBuildFile; fileRef = 52D5D60C1EF29F63009ACC3E /* ActivityWeekCollectionCellHandler.swift */; };
		52D5D60F1EF2A1F9009ACC3E /* ActivityWeekCollectionHighlightedCellHandler.swift in Sources */ = {isa = PBXBuildFile; fileRef = 52D5D60E1EF2A1F9009ACC3E /* ActivityWeekCollectionHighlightedCellHandler.swift */; };
		52E54AC91E82D5AC00856EF8 /* User.swift in Sources */ = {isa = PBXBuildFile; fileRef = 52E54AC81E82D5AC00856EF8 /* User.swift */; };
		52E696141EEF34DC0032CE6D /* CustomErrors.swift in Sources */ = {isa = PBXBuildFile; fileRef = 52E696131EEF34DC0032CE6D /* CustomErrors.swift */; };
		52E6E3D31EBB4AA200B59D25 /* PublicGroupCommentsCellHandler.swift in Sources */ = {isa = PBXBuildFile; fileRef = 52E6E3D21EBB4AA200B59D25 /* PublicGroupCommentsCellHandler.swift */; };
		52E6E3D51EBB4B8800B59D25 /* PublicGroupCommentsHandler.swift in Sources */ = {isa = PBXBuildFile; fileRef = 52E6E3D41EBB4B8800B59D25 /* PublicGroupCommentsHandler.swift */; };
		52E6E3D71EBB4D1F00B59D25 /* PublicGroupThreadsHandler.swift in Sources */ = {isa = PBXBuildFile; fileRef = 52E6E3D61EBB4D1F00B59D25 /* PublicGroupThreadsHandler.swift */; };
		52E6E3DA1EBB701A00B59D25 /* GroupCommentsController.swift in Sources */ = {isa = PBXBuildFile; fileRef = 52E6E3D91EBB701A00B59D25 /* GroupCommentsController.swift */; };
		52E6E3DC1EBB702B00B59D25 /* GroupCommentsCell.swift in Sources */ = {isa = PBXBuildFile; fileRef = 52E6E3DB1EBB702B00B59D25 /* GroupCommentsCell.swift */; };
		52E6E3DE1EBB707900B59D25 /* GroupCommentsControllerHandler.swift in Sources */ = {isa = PBXBuildFile; fileRef = 52E6E3DD1EBB707900B59D25 /* GroupCommentsControllerHandler.swift */; };
		52E6E3E01EBB708B00B59D25 /* GroupCommentsCellHandler.swift in Sources */ = {isa = PBXBuildFile; fileRef = 52E6E3DF1EBB708B00B59D25 /* GroupCommentsCellHandler.swift */; };
		52E6E3E61EBF4E2E00B59D25 /* ActivityWeekCollection.swift in Sources */ = {isa = PBXBuildFile; fileRef = 52E6E3E51EBF4E2E00B59D25 /* ActivityWeekCollection.swift */; };
		52E6E3E81EBF4E3E00B59D25 /* ActivityWeekCollectionCell.swift in Sources */ = {isa = PBXBuildFile; fileRef = 52E6E3E71EBF4E3E00B59D25 /* ActivityWeekCollectionCell.swift */; };
		52E6E3EC1EBF5A1500B59D25 /* ActivityWeekHighlightedCell.swift in Sources */ = {isa = PBXBuildFile; fileRef = 52E6E3EB1EBF5A1500B59D25 /* ActivityWeekHighlightedCell.swift */; };
		52E6E3EF1EC0BABD00B59D25 /* ActivityForm1.swift in Sources */ = {isa = PBXBuildFile; fileRef = 52E6E3EE1EC0BABD00B59D25 /* ActivityForm1.swift */; };
		52E6E3F11EC0BACA00B59D25 /* ActivityForm2.swift in Sources */ = {isa = PBXBuildFile; fileRef = 52E6E3F01EC0BACA00B59D25 /* ActivityForm2.swift */; };
		52E6E3F31EC0BAD600B59D25 /* ActivityForm3.swift in Sources */ = {isa = PBXBuildFile; fileRef = 52E6E3F21EC0BAD600B59D25 /* ActivityForm3.swift */; };
		52E6E3F51EC1F88700B59D25 /* ActivityForm1Handler.swift in Sources */ = {isa = PBXBuildFile; fileRef = 52E6E3F41EC1F88700B59D25 /* ActivityForm1Handler.swift */; };
		52E6E3F71EC1F89A00B59D25 /* ActivityForm2Handler.swift in Sources */ = {isa = PBXBuildFile; fileRef = 52E6E3F61EC1F89A00B59D25 /* ActivityForm2Handler.swift */; };
		52E6E3F91EC1F8A400B59D25 /* ActivityForm3Handler.swift in Sources */ = {isa = PBXBuildFile; fileRef = 52E6E3F81EC1F8A400B59D25 /* ActivityForm3Handler.swift */; };
		52E6E3FC1EC21ED500B59D25 /* CreateActivityWeekController.swift in Sources */ = {isa = PBXBuildFile; fileRef = 52E6E3FB1EC21ED500B59D25 /* CreateActivityWeekController.swift */; };
		52E6E3FE1EC2327E00B59D25 /* ActivityWeekForm2.swift in Sources */ = {isa = PBXBuildFile; fileRef = 52E6E3FD1EC2327E00B59D25 /* ActivityWeekForm2.swift */; };
		52E6E4001EC2357300B59D25 /* ActivityWeekForm3.swift in Sources */ = {isa = PBXBuildFile; fileRef = 52E6E3FF1EC2357300B59D25 /* ActivityWeekForm3.swift */; };
		52E6E4021EC2359000B59D25 /* ActivityWeekForm4.swift in Sources */ = {isa = PBXBuildFile; fileRef = 52E6E4011EC2359000B59D25 /* ActivityWeekForm4.swift */; };
		52E6E4041EC235AF00B59D25 /* ActivityWeekForm5.swift in Sources */ = {isa = PBXBuildFile; fileRef = 52E6E4031EC235AF00B59D25 /* ActivityWeekForm5.swift */; };
		52E6E4061EC235C700B59D25 /* ActivityWeekForm6.swift in Sources */ = {isa = PBXBuildFile; fileRef = 52E6E4051EC235C700B59D25 /* ActivityWeekForm6.swift */; };
		52E6E4081EC235DF00B59D25 /* ActivityWeekForm7.swift in Sources */ = {isa = PBXBuildFile; fileRef = 52E6E4071EC235DF00B59D25 /* ActivityWeekForm7.swift */; };
		52E6E40A1EC4ACDF00B59D25 /* Activity.swift in Sources */ = {isa = PBXBuildFile; fileRef = 52E6E4091EC4ACDF00B59D25 /* Activity.swift */; };
		52E6E40C1EC7126200B59D25 /* CreateActivityWeekControllerHandler.swift in Sources */ = {isa = PBXBuildFile; fileRef = 52E6E40B1EC7126200B59D25 /* CreateActivityWeekControllerHandler.swift */; };
		52E6E40E1EC712D900B59D25 /* ActivityWeekForm2Handler.swift in Sources */ = {isa = PBXBuildFile; fileRef = 52E6E40D1EC712D900B59D25 /* ActivityWeekForm2Handler.swift */; };
		52E6E4101EC7132900B59D25 /* ActivityWeekForm3Handler.swift in Sources */ = {isa = PBXBuildFile; fileRef = 52E6E40F1EC7132900B59D25 /* ActivityWeekForm3Handler.swift */; };
		52E6E4121EC7137500B59D25 /* ActivityWeekForm4Handler.swift in Sources */ = {isa = PBXBuildFile; fileRef = 52E6E4111EC7137500B59D25 /* ActivityWeekForm4Handler.swift */; };
		52E6E4141EC713C800B59D25 /* ActivityWeekForm5Handler.swift in Sources */ = {isa = PBXBuildFile; fileRef = 52E6E4131EC713C800B59D25 /* ActivityWeekForm5Handler.swift */; };
		52E6E4161EC713FD00B59D25 /* ActivityWeekForm6Handler.swift in Sources */ = {isa = PBXBuildFile; fileRef = 52E6E4151EC713FD00B59D25 /* ActivityWeekForm6Handler.swift */; };
		52E6E4181EC7143200B59D25 /* ActivityWeekForm7Handler.swift in Sources */ = {isa = PBXBuildFile; fileRef = 52E6E4171EC7143200B59D25 /* ActivityWeekForm7Handler.swift */; };
		52E6E41B1EC71C1200B59D25 /* ShowActivitiesInPrivateGroupController.swift in Sources */ = {isa = PBXBuildFile; fileRef = 52E6E41A1EC71C1200B59D25 /* ShowActivitiesInPrivateGroupController.swift */; };
		52E6E41D1EC71D5A00B59D25 /* ShowActivitiesInPrivateGroupCell.swift in Sources */ = {isa = PBXBuildFile; fileRef = 52E6E41C1EC71D5A00B59D25 /* ShowActivitiesInPrivateGroupCell.swift */; };
		52E6E4201EC75A4200B59D25 /* ActivitiesCommentsController.swift in Sources */ = {isa = PBXBuildFile; fileRef = 52E6E41F1EC75A4200B59D25 /* ActivitiesCommentsController.swift */; };
		52E6E4221EC75A5300B59D25 /* ActivitiesCommentsCell.swift in Sources */ = {isa = PBXBuildFile; fileRef = 52E6E4211EC75A5300B59D25 /* ActivitiesCommentsCell.swift */; };
		52E6E4241EC75A9400B59D25 /* ActivitiesCommentsControllerHandler.swift in Sources */ = {isa = PBXBuildFile; fileRef = 52E6E4231EC75A9400B59D25 /* ActivitiesCommentsControllerHandler.swift */; };
		52E6E4261EC75AC100B59D25 /* ActivitiesCommentsCellHandler.swift in Sources */ = {isa = PBXBuildFile; fileRef = 52E6E4251EC75AC100B59D25 /* ActivitiesCommentsCellHandler.swift */; };
		52F31A081E7D6F93000F5157 /* CouchbaseLite.framework in Frameworks */ = {isa = PBXBuildFile; fileRef = 52F31A071E7D6F93000F5157 /* CouchbaseLite.framework */; };
		52F31A0A1E7D6FE4000F5157 /* CFNetwork.framework in Frameworks */ = {isa = PBXBuildFile; fileRef = 52F31A091E7D6FE4000F5157 /* CFNetwork.framework */; };
		52F31A0C1E7D6FEE000F5157 /* Security.framework in Frameworks */ = {isa = PBXBuildFile; fileRef = 52F31A0B1E7D6FEE000F5157 /* Security.framework */; };
		52F31A0E1E7D6FF9000F5157 /* SystemConfiguration.framework in Frameworks */ = {isa = PBXBuildFile; fileRef = 52F31A0D1E7D6FF9000F5157 /* SystemConfiguration.framework */; };
		52F31A101E7D7007000F5157 /* libsqlite3.tbd in Frameworks */ = {isa = PBXBuildFile; fileRef = 52F31A0F1E7D7007000F5157 /* libsqlite3.tbd */; };
		52F31A121E7D7013000F5157 /* libz.tbd in Frameworks */ = {isa = PBXBuildFile; fileRef = 52F31A111E7D7013000F5157 /* libz.tbd */; };
		52F31A141E7D7023000F5157 /* libc++.tbd in Frameworks */ = {isa = PBXBuildFile; fileRef = 52F31A131E7D7023000F5157 /* libc++.tbd */; };
		52F3F3DF1E9BD5A400B3FEA2 /* Validation.swift in Sources */ = {isa = PBXBuildFile; fileRef = 52F3F3DE1E9BD5A400B3FEA2 /* Validation.swift */; };
/* End PBXBuildFile section */

/* Begin PBXFileReference section */
		520D12E71EFABF920049604D /* HoupNotifications.swift */ = {isa = PBXFileReference; fileEncoding = 4; lastKnownFileType = sourcecode.swift; path = HoupNotifications.swift; sourceTree = "<group>"; };
		52102E091E89850F005715A9 /* DBViews.swift */ = {isa = PBXFileReference; fileEncoding = 4; lastKnownFileType = sourcecode.swift; path = DBViews.swift; sourceTree = "<group>"; };
		52102E0B1E898556005715A9 /* DBFunctions.swift */ = {isa = PBXFileReference; fileEncoding = 4; lastKnownFileType = sourcecode.swift; path = DBFunctions.swift; sourceTree = "<group>"; };
		5218B64B1E8047F400B502DF /* CustomTextField.swift */ = {isa = PBXFileReference; fileEncoding = 4; lastKnownFileType = sourcecode.swift; path = CustomTextField.swift; sourceTree = "<group>"; };
		521AF4931E92AC06007D2E36 /* PrivateGroupWithThreadsController.swift */ = {isa = PBXFileReference; fileEncoding = 4; lastKnownFileType = sourcecode.swift; path = PrivateGroupWithThreadsController.swift; sourceTree = "<group>"; };
		521AF4951E92DBB9007D2E36 /* PrivateGroupThreadsCell.swift */ = {isa = PBXFileReference; fileEncoding = 4; lastKnownFileType = sourcecode.swift; path = PrivateGroupThreadsCell.swift; sourceTree = "<group>"; };
		521C0C021EB0E75200D05F8F /* Comment.swift */ = {isa = PBXFileReference; fileEncoding = 4; lastKnownFileType = sourcecode.swift; path = Comment.swift; sourceTree = "<group>"; };
		521EB04F1E8ABD46009D472C /* CustomTabBarController.swift */ = {isa = PBXFileReference; fileEncoding = 4; lastKnownFileType = sourcecode.swift; path = CustomTabBarController.swift; sourceTree = "<group>"; };
		521EB0511E8ABE1F009D472C /* PrivateGroupCollectionViewController.swift */ = {isa = PBXFileReference; fileEncoding = 4; lastKnownFileType = sourcecode.swift; path = PrivateGroupCollectionViewController.swift; sourceTree = "<group>"; };
		521EB0531E8AC596009D472C /* PublicGroupThreadsController.swift */ = {isa = PBXFileReference; fileEncoding = 4; lastKnownFileType = sourcecode.swift; path = PublicGroupThreadsController.swift; sourceTree = "<group>"; };
		521EB0571E8AC72B009D472C /* SettingsCollectionViewController.swift */ = {isa = PBXFileReference; fileEncoding = 4; lastKnownFileType = sourcecode.swift; path = SettingsCollectionViewController.swift; sourceTree = "<group>"; };
		521EB0591E8AE3BA009D472C /* GetString.swift */ = {isa = PBXFileReference; fileEncoding = 4; lastKnownFileType = sourcecode.swift; path = GetString.swift; sourceTree = "<group>"; };
		521ECC9F1E8BB9C6001C10BC /* PrivateGroup.swift */ = {isa = PBXFileReference; fileEncoding = 4; lastKnownFileType = sourcecode.swift; path = PrivateGroup.swift; sourceTree = "<group>"; };
		521ECCA11E8BBC42001C10BC /* CreatePrivateGroupViewController.swift */ = {isa = PBXFileReference; fileEncoding = 4; lastKnownFileType = sourcecode.swift; path = CreatePrivateGroupViewController.swift; sourceTree = "<group>"; };
		521ECCA31E8BDACE001C10BC /* MakeRequestPrivateGroupViewController.swift */ = {isa = PBXFileReference; fileEncoding = 4; lastKnownFileType = sourcecode.swift; path = MakeRequestPrivateGroupViewController.swift; sourceTree = "<group>"; };
		521ECCA51E8BDE8C001C10BC /* CustomNavigationBarController.swift */ = {isa = PBXFileReference; fileEncoding = 4; lastKnownFileType = sourcecode.swift; path = CustomNavigationBarController.swift; sourceTree = "<group>"; };
		523391621E95462000A867D9 /* PrivateGroupCommentsCellHandler.swift */ = {isa = PBXFileReference; fileEncoding = 4; lastKnownFileType = sourcecode.swift; path = PrivateGroupCommentsCellHandler.swift; sourceTree = "<group>"; };
		523391641E95466A00A867D9 /* PrivateGroupCommentsCollectionViewControllerHandler.swift */ = {isa = PBXFileReference; fileEncoding = 4; lastKnownFileType = sourcecode.swift; path = PrivateGroupCommentsCollectionViewControllerHandler.swift; sourceTree = "<group>"; };
		523391671E95480300A867D9 /* PrivateGroupWithThreadsControllerHandler.swift */ = {isa = PBXFileReference; fileEncoding = 4; lastKnownFileType = sourcecode.swift; path = PrivateGroupWithThreadsControllerHandler.swift; sourceTree = "<group>"; };
		523391691E95499A00A867D9 /* PublicGroupThreadsCell.swift */ = {isa = PBXFileReference; fileEncoding = 4; lastKnownFileType = sourcecode.swift; path = PublicGroupThreadsCell.swift; sourceTree = "<group>"; };
		5233916C1E954DEE00A867D9 /* CreateGroupThreadController.swift */ = {isa = PBXFileReference; fileEncoding = 4; lastKnownFileType = sourcecode.swift; path = CreateGroupThreadController.swift; sourceTree = "<group>"; };
		5233916F1E9559F000A867D9 /* CreateGroupThreadHandler.swift */ = {isa = PBXFileReference; fileEncoding = 4; lastKnownFileType = sourcecode.swift; path = CreateGroupThreadHandler.swift; sourceTree = "<group>"; };
		523391721E96AA9A00A867D9 /* PublicGroupThreadWithCommentsController.swift */ = {isa = PBXFileReference; fileEncoding = 4; lastKnownFileType = sourcecode.swift; path = PublicGroupThreadWithCommentsController.swift; sourceTree = "<group>"; };
		523391741E96AADA00A867D9 /* PublicGroupCommentsCell.swift */ = {isa = PBXFileReference; fileEncoding = 4; lastKnownFileType = sourcecode.swift; path = PublicGroupCommentsCell.swift; sourceTree = "<group>"; };
		523391771E97931200A867D9 /* PrivateGroupRequestsAndMembersList.swift */ = {isa = PBXFileReference; fileEncoding = 4; lastKnownFileType = sourcecode.swift; path = PrivateGroupRequestsAndMembersList.swift; sourceTree = "<group>"; };
		523391791E97A03200A867D9 /* PrivateGroupRequestsAndMembersCell.swift */ = {isa = PBXFileReference; fileEncoding = 4; lastKnownFileType = sourcecode.swift; path = PrivateGroupRequestsAndMembersCell.swift; sourceTree = "<group>"; };
		5233917B1E97CE9C00A867D9 /* PrivateGroupRequestsAndMembersHeader.swift */ = {isa = PBXFileReference; fileEncoding = 4; lastKnownFileType = sourcecode.swift; path = PrivateGroupRequestsAndMembersHeader.swift; sourceTree = "<group>"; };
		52499A4D1E7BF7FD006061B2 /* Houp.app */ = {isa = PBXFileReference; explicitFileType = wrapper.application; includeInIndex = 0; path = Houp.app; sourceTree = BUILT_PRODUCTS_DIR; };
		52499A501E7BF7FD006061B2 /* AppDelegate.swift */ = {isa = PBXFileReference; lastKnownFileType = sourcecode.swift; path = AppDelegate.swift; sourceTree = "<group>"; };
		52499A521E7BF7FD006061B2 /* LoginViewController.swift */ = {isa = PBXFileReference; lastKnownFileType = sourcecode.swift; path = LoginViewController.swift; sourceTree = "<group>"; };
		52499A581E7BF7FD006061B2 /* Houp.xcdatamodel */ = {isa = PBXFileReference; lastKnownFileType = wrapper.xcdatamodel; path = Houp.xcdatamodel; sourceTree = "<group>"; };
		52499A5A1E7BF7FD006061B2 /* Assets.xcassets */ = {isa = PBXFileReference; lastKnownFileType = folder.assetcatalog; path = Assets.xcassets; sourceTree = "<group>"; };
		52499A5F1E7BF7FD006061B2 /* Info.plist */ = {isa = PBXFileReference; lastKnownFileType = text.plist.xml; path = Info.plist; sourceTree = "<group>"; };
		52499A661E7BF821006061B2 /* UIViewExtension.swift */ = {isa = PBXFileReference; fileEncoding = 4; lastKnownFileType = sourcecode.swift; path = UIViewExtension.swift; sourceTree = "<group>"; };
		52499A681E7BFB95006061B2 /* UIColorExtension.swift */ = {isa = PBXFileReference; fileEncoding = 4; lastKnownFileType = sourcecode.swift; path = UIColorExtension.swift; sourceTree = "<group>"; };
		525B697F1EC9D57700E8C3C8 /* CommentsSectionHeader.swift */ = {isa = PBXFileReference; fileEncoding = 4; lastKnownFileType = sourcecode.swift; path = CommentsSectionHeader.swift; sourceTree = "<group>"; };
		525B69811ECB0AC600E8C3C8 /* ActivityWeekCollectionHandler.swift */ = {isa = PBXFileReference; fileEncoding = 4; lastKnownFileType = sourcecode.swift; path = ActivityWeekCollectionHandler.swift; sourceTree = "<group>"; };
		525B69851ECB2BAA00E8C3C8 /* ShowActivitiesInPrivateGroupControllerHandler.swift */ = {isa = PBXFileReference; fileEncoding = 4; lastKnownFileType = sourcecode.swift; path = ShowActivitiesInPrivateGroupControllerHandler.swift; sourceTree = "<group>"; };
		525B69871ECB2BF600E8C3C8 /* ShowActivitiesInPrivateGroupCellHandler.swift */ = {isa = PBXFileReference; fileEncoding = 4; lastKnownFileType = sourcecode.swift; path = ShowActivitiesInPrivateGroupCellHandler.swift; sourceTree = "<group>"; };
		525B698D1ECB2E3D00E8C3C8 /* PrivateGroupRequestsAndMembersListHandler.swift */ = {isa = PBXFileReference; fileEncoding = 4; lastKnownFileType = sourcecode.swift; path = PrivateGroupRequestsAndMembersListHandler.swift; sourceTree = "<group>"; };
		525B698F1ECB2E7E00E8C3C8 /* PrivateGroupRequestsAndMembersCellHandler.swift */ = {isa = PBXFileReference; fileEncoding = 4; lastKnownFileType = sourcecode.swift; path = PrivateGroupRequestsAndMembersCellHandler.swift; sourceTree = "<group>"; };
		5283A0FA1EDC8DA50098E678 /* TempStorageAndCompare.swift */ = {isa = PBXFileReference; fileEncoding = 4; lastKnownFileType = sourcecode.swift; path = TempStorageAndCompare.swift; sourceTree = "<group>"; };
		528986FE1E83E86400322A99 /* ImageCache.swift */ = {isa = PBXFileReference; fileEncoding = 4; lastKnownFileType = sourcecode.swift; path = ImageCache.swift; sourceTree = "<group>"; };
		528987011E83F5CC00322A99 /* DBConnection.swift */ = {isa = PBXFileReference; fileEncoding = 4; lastKnownFileType = sourcecode.swift; path = DBConnection.swift; sourceTree = "<group>"; };
		528CFCBD1E80623100B6993D /* LoginHandler.swift */ = {isa = PBXFileReference; fileEncoding = 4; lastKnownFileType = sourcecode.swift; path = LoginHandler.swift; sourceTree = "<group>"; };
		528CFCC21E8139E700B6993D /* RegistrationUserNameController.swift */ = {isa = PBXFileReference; fileEncoding = 4; lastKnownFileType = sourcecode.swift; path = RegistrationUserNameController.swift; sourceTree = "<group>"; };
		529389F81F019A550027A448 /* CompareAndSaveUser.swift */ = {isa = PBXFileReference; fileEncoding = 4; lastKnownFileType = sourcecode.swift; path = CompareAndSaveUser.swift; sourceTree = "<group>"; };
		529389FA1F019AB30027A448 /* CompareAndSaveGroup.swift */ = {isa = PBXFileReference; fileEncoding = 4; lastKnownFileType = sourcecode.swift; path = CompareAndSaveGroup.swift; sourceTree = "<group>"; };
		529389FC1F019B1F0027A448 /* CompareAndSaveGroupActivities.swift */ = {isa = PBXFileReference; fileEncoding = 4; lastKnownFileType = sourcecode.swift; path = CompareAndSaveGroupActivities.swift; sourceTree = "<group>"; };
		529389FE1F019B7F0027A448 /* CompareAndSaveActivitiesOfWeek.swift */ = {isa = PBXFileReference; fileEncoding = 4; lastKnownFileType = sourcecode.swift; path = CompareAndSaveActivitiesOfWeek.swift; sourceTree = "<group>"; };
		52938A001F019BC00027A448 /* CompareAndSaveThreads.swift */ = {isa = PBXFileReference; fileEncoding = 4; lastKnownFileType = sourcecode.swift; path = CompareAndSaveThreads.swift; sourceTree = "<group>"; };
		529BB64B1E9EB01800776D16 /* DateExtension.swift */ = {isa = PBXFileReference; fileEncoding = 4; lastKnownFileType = sourcecode.swift; path = DateExtension.swift; sourceTree = "<group>"; };
		529BB64D1EA67A9D00776D16 /* UserObject.swift */ = {isa = PBXFileReference; fileEncoding = 4; lastKnownFileType = sourcecode.swift; path = UserObject.swift; sourceTree = "<group>"; };
		529BB64F1EA7848700776D16 /* Thread.swift */ = {isa = PBXFileReference; fileEncoding = 4; lastKnownFileType = sourcecode.swift; path = Thread.swift; sourceTree = "<group>"; };
		529E57391ED0783A00256090 /* Timer.swift */ = {isa = PBXFileReference; fileEncoding = 4; lastKnownFileType = sourcecode.swift; path = Timer.swift; sourceTree = "<group>"; };
		529E573B1ED4832800256090 /* CalendarObject.swift */ = {isa = PBXFileReference; fileEncoding = 4; lastKnownFileType = sourcecode.swift; path = CalendarObject.swift; sourceTree = "<group>"; };
		529E573E1ED4AAA700256090 /* EditPrivateGroup.swift */ = {isa = PBXFileReference; fileEncoding = 4; lastKnownFileType = sourcecode.swift; path = EditPrivateGroup.swift; sourceTree = "<group>"; };
		529E57401ED4AAB800256090 /* EditPrivateGroupHandler.swift */ = {isa = PBXFileReference; fileEncoding = 4; lastKnownFileType = sourcecode.swift; path = EditPrivateGroupHandler.swift; sourceTree = "<group>"; };
		529E57441ED5F95E00256090 /* EditThread.swift */ = {isa = PBXFileReference; fileEncoding = 4; lastKnownFileType = sourcecode.swift; path = EditThread.swift; sourceTree = "<group>"; };
		529E57461ED5F96B00256090 /* EditThreadHandler.swift */ = {isa = PBXFileReference; fileEncoding = 4; lastKnownFileType = sourcecode.swift; path = EditThreadHandler.swift; sourceTree = "<group>"; };
		52A1B96B1E94179E002D7DDB /* PrivateGroupCommentsCollectionViewController.swift */ = {isa = PBXFileReference; fileEncoding = 4; lastKnownFileType = sourcecode.swift; path = PrivateGroupCommentsCollectionViewController.swift; sourceTree = "<group>"; };
		52A1B96D1E941B98002D7DDB /* PrivateGroupCommentsCell.swift */ = {isa = PBXFileReference; fileEncoding = 4; lastKnownFileType = sourcecode.swift; path = PrivateGroupCommentsCell.swift; sourceTree = "<group>"; };
		52A75F541E81723E0038CF4F /* RegistrationNamePrenameController.swift */ = {isa = PBXFileReference; fileEncoding = 4; lastKnownFileType = sourcecode.swift; path = RegistrationNamePrenameController.swift; sourceTree = "<group>"; };
		52A75F561E81781E0038CF4F /* RegistrationUserNameHandler.swift */ = {isa = PBXFileReference; fileEncoding = 4; lastKnownFileType = sourcecode.swift; path = RegistrationUserNameHandler.swift; sourceTree = "<group>"; };
		52A75F581E8179840038CF4F /* RegistrationPersonalDataHandler.swift */ = {isa = PBXFileReference; fileEncoding = 4; lastKnownFileType = sourcecode.swift; path = RegistrationPersonalDataHandler.swift; sourceTree = "<group>"; };
		52A75F5B1E81960D0038CF4F /* RegistrationAgeGenderController.swift */ = {isa = PBXFileReference; fileEncoding = 4; lastKnownFileType = sourcecode.swift; path = RegistrationAgeGenderController.swift; sourceTree = "<group>"; };
		52A75F5F1E819DBA0038CF4F /* RegistrationEmailPasswordController.swift */ = {isa = PBXFileReference; fileEncoding = 4; lastKnownFileType = sourcecode.swift; path = RegistrationEmailPasswordController.swift; sourceTree = "<group>"; };
		52A75F611E819E2F0038CF4F /* RegistrationAgeGenderHandler.swift */ = {isa = PBXFileReference; fileEncoding = 4; lastKnownFileType = sourcecode.swift; path = RegistrationAgeGenderHandler.swift; sourceTree = "<group>"; };
		52A75F631E819E5F0038CF4F /* RegistrationEmailPasswordHandler.swift */ = {isa = PBXFileReference; fileEncoding = 4; lastKnownFileType = sourcecode.swift; path = RegistrationEmailPasswordHandler.swift; sourceTree = "<group>"; };
		52A75F661E81A9830038CF4F /* CustomViews.swift */ = {isa = PBXFileReference; fileEncoding = 4; lastKnownFileType = sourcecode.swift; path = CustomViews.swift; sourceTree = "<group>"; };
		52D5AF901E8D5E770007C448 /* PrivateGroupExtension.swift */ = {isa = PBXFileReference; fileEncoding = 4; lastKnownFileType = sourcecode.swift; path = PrivateGroupExtension.swift; sourceTree = "<group>"; };
		52D5AF931E8D5ECD0007C448 /* SettingsHandler.swift */ = {isa = PBXFileReference; fileEncoding = 4; lastKnownFileType = sourcecode.swift; path = SettingsHandler.swift; sourceTree = "<group>"; };
		52D5AF961E8D5F680007C448 /* MakeRequestToPrivateGroupHandler.swift */ = {isa = PBXFileReference; fileEncoding = 4; lastKnownFileType = sourcecode.swift; path = MakeRequestToPrivateGroupHandler.swift; sourceTree = "<group>"; };
		52D5AF991E8D5FE40007C448 /* CreateNewPrivateGroupHandler.swift */ = {isa = PBXFileReference; fileEncoding = 4; lastKnownFileType = sourcecode.swift; path = CreateNewPrivateGroupHandler.swift; sourceTree = "<group>"; };
		52D5AF9B1E8D64BD0007C448 /* PrivateGroupsCell.swift */ = {isa = PBXFileReference; fileEncoding = 4; lastKnownFileType = sourcecode.swift; path = PrivateGroupsCell.swift; sourceTree = "<group>"; };
		52D5AF9D1E8D7AA30007C448 /* UITextViewExtension.swift */ = {isa = PBXFileReference; fileEncoding = 4; lastKnownFileType = sourcecode.swift; path = UITextViewExtension.swift; sourceTree = "<group>"; };
		52D5D6051EF148BC009ACC3E /* PrivateGroupCollectionCellHandler.swift */ = {isa = PBXFileReference; fileEncoding = 4; lastKnownFileType = sourcecode.swift; path = PrivateGroupCollectionCellHandler.swift; sourceTree = "<group>"; };
		52D5D6081EF295C3009ACC3E /* EditActivity.swift */ = {isa = PBXFileReference; fileEncoding = 4; lastKnownFileType = sourcecode.swift; path = EditActivity.swift; sourceTree = "<group>"; };
		52D5D60A1EF295D3009ACC3E /* EditActivityHandler.swift */ = {isa = PBXFileReference; fileEncoding = 4; lastKnownFileType = sourcecode.swift; path = EditActivityHandler.swift; sourceTree = "<group>"; };
		52D5D60C1EF29F63009ACC3E /* ActivityWeekCollectionCellHandler.swift */ = {isa = PBXFileReference; fileEncoding = 4; lastKnownFileType = sourcecode.swift; path = ActivityWeekCollectionCellHandler.swift; sourceTree = "<group>"; };
		52D5D60E1EF2A1F9009ACC3E /* ActivityWeekCollectionHighlightedCellHandler.swift */ = {isa = PBXFileReference; fileEncoding = 4; lastKnownFileType = sourcecode.swift; path = ActivityWeekCollectionHighlightedCellHandler.swift; sourceTree = "<group>"; };
		52E54AC81E82D5AC00856EF8 /* User.swift */ = {isa = PBXFileReference; fileEncoding = 4; lastKnownFileType = sourcecode.swift; path = User.swift; sourceTree = "<group>"; };
		52E696131EEF34DC0032CE6D /* CustomErrors.swift */ = {isa = PBXFileReference; fileEncoding = 4; lastKnownFileType = sourcecode.swift; path = CustomErrors.swift; sourceTree = "<group>"; };
		52E6E3D21EBB4AA200B59D25 /* PublicGroupCommentsCellHandler.swift */ = {isa = PBXFileReference; fileEncoding = 4; lastKnownFileType = sourcecode.swift; path = PublicGroupCommentsCellHandler.swift; sourceTree = "<group>"; };
		52E6E3D41EBB4B8800B59D25 /* PublicGroupCommentsHandler.swift */ = {isa = PBXFileReference; fileEncoding = 4; lastKnownFileType = sourcecode.swift; path = PublicGroupCommentsHandler.swift; sourceTree = "<group>"; };
		52E6E3D61EBB4D1F00B59D25 /* PublicGroupThreadsHandler.swift */ = {isa = PBXFileReference; fileEncoding = 4; lastKnownFileType = sourcecode.swift; path = PublicGroupThreadsHandler.swift; sourceTree = "<group>"; };
		52E6E3D91EBB701A00B59D25 /* GroupCommentsController.swift */ = {isa = PBXFileReference; fileEncoding = 4; lastKnownFileType = sourcecode.swift; path = GroupCommentsController.swift; sourceTree = "<group>"; };
		52E6E3DB1EBB702B00B59D25 /* GroupCommentsCell.swift */ = {isa = PBXFileReference; fileEncoding = 4; lastKnownFileType = sourcecode.swift; path = GroupCommentsCell.swift; sourceTree = "<group>"; };
		52E6E3DD1EBB707900B59D25 /* GroupCommentsControllerHandler.swift */ = {isa = PBXFileReference; fileEncoding = 4; lastKnownFileType = sourcecode.swift; path = GroupCommentsControllerHandler.swift; sourceTree = "<group>"; };
		52E6E3DF1EBB708B00B59D25 /* GroupCommentsCellHandler.swift */ = {isa = PBXFileReference; fileEncoding = 4; lastKnownFileType = sourcecode.swift; path = GroupCommentsCellHandler.swift; sourceTree = "<group>"; };
		52E6E3E51EBF4E2E00B59D25 /* ActivityWeekCollection.swift */ = {isa = PBXFileReference; fileEncoding = 4; lastKnownFileType = sourcecode.swift; path = ActivityWeekCollection.swift; sourceTree = "<group>"; };
		52E6E3E71EBF4E3E00B59D25 /* ActivityWeekCollectionCell.swift */ = {isa = PBXFileReference; fileEncoding = 4; lastKnownFileType = sourcecode.swift; path = ActivityWeekCollectionCell.swift; sourceTree = "<group>"; };
		52E6E3EB1EBF5A1500B59D25 /* ActivityWeekHighlightedCell.swift */ = {isa = PBXFileReference; fileEncoding = 4; lastKnownFileType = sourcecode.swift; path = ActivityWeekHighlightedCell.swift; sourceTree = "<group>"; };
		52E6E3EE1EC0BABD00B59D25 /* ActivityForm1.swift */ = {isa = PBXFileReference; fileEncoding = 4; lastKnownFileType = sourcecode.swift; path = ActivityForm1.swift; sourceTree = "<group>"; };
		52E6E3F01EC0BACA00B59D25 /* ActivityForm2.swift */ = {isa = PBXFileReference; fileEncoding = 4; lastKnownFileType = sourcecode.swift; path = ActivityForm2.swift; sourceTree = "<group>"; };
		52E6E3F21EC0BAD600B59D25 /* ActivityForm3.swift */ = {isa = PBXFileReference; fileEncoding = 4; lastKnownFileType = sourcecode.swift; path = ActivityForm3.swift; sourceTree = "<group>"; };
		52E6E3F41EC1F88700B59D25 /* ActivityForm1Handler.swift */ = {isa = PBXFileReference; fileEncoding = 4; lastKnownFileType = sourcecode.swift; path = ActivityForm1Handler.swift; sourceTree = "<group>"; };
		52E6E3F61EC1F89A00B59D25 /* ActivityForm2Handler.swift */ = {isa = PBXFileReference; fileEncoding = 4; lastKnownFileType = sourcecode.swift; path = ActivityForm2Handler.swift; sourceTree = "<group>"; };
		52E6E3F81EC1F8A400B59D25 /* ActivityForm3Handler.swift */ = {isa = PBXFileReference; fileEncoding = 4; lastKnownFileType = sourcecode.swift; path = ActivityForm3Handler.swift; sourceTree = "<group>"; };
		52E6E3FB1EC21ED500B59D25 /* CreateActivityWeekController.swift */ = {isa = PBXFileReference; fileEncoding = 4; lastKnownFileType = sourcecode.swift; path = CreateActivityWeekController.swift; sourceTree = "<group>"; };
		52E6E3FD1EC2327E00B59D25 /* ActivityWeekForm2.swift */ = {isa = PBXFileReference; fileEncoding = 4; lastKnownFileType = sourcecode.swift; path = ActivityWeekForm2.swift; sourceTree = "<group>"; };
		52E6E3FF1EC2357300B59D25 /* ActivityWeekForm3.swift */ = {isa = PBXFileReference; fileEncoding = 4; lastKnownFileType = sourcecode.swift; path = ActivityWeekForm3.swift; sourceTree = "<group>"; };
		52E6E4011EC2359000B59D25 /* ActivityWeekForm4.swift */ = {isa = PBXFileReference; fileEncoding = 4; lastKnownFileType = sourcecode.swift; path = ActivityWeekForm4.swift; sourceTree = "<group>"; };
		52E6E4031EC235AF00B59D25 /* ActivityWeekForm5.swift */ = {isa = PBXFileReference; fileEncoding = 4; lastKnownFileType = sourcecode.swift; path = ActivityWeekForm5.swift; sourceTree = "<group>"; };
		52E6E4051EC235C700B59D25 /* ActivityWeekForm6.swift */ = {isa = PBXFileReference; fileEncoding = 4; lastKnownFileType = sourcecode.swift; path = ActivityWeekForm6.swift; sourceTree = "<group>"; };
		52E6E4071EC235DF00B59D25 /* ActivityWeekForm7.swift */ = {isa = PBXFileReference; fileEncoding = 4; lastKnownFileType = sourcecode.swift; path = ActivityWeekForm7.swift; sourceTree = "<group>"; };
		52E6E4091EC4ACDF00B59D25 /* Activity.swift */ = {isa = PBXFileReference; fileEncoding = 4; lastKnownFileType = sourcecode.swift; path = Activity.swift; sourceTree = "<group>"; };
		52E6E40B1EC7126200B59D25 /* CreateActivityWeekControllerHandler.swift */ = {isa = PBXFileReference; fileEncoding = 4; lastKnownFileType = sourcecode.swift; path = CreateActivityWeekControllerHandler.swift; sourceTree = "<group>"; };
		52E6E40D1EC712D900B59D25 /* ActivityWeekForm2Handler.swift */ = {isa = PBXFileReference; fileEncoding = 4; lastKnownFileType = sourcecode.swift; path = ActivityWeekForm2Handler.swift; sourceTree = "<group>"; };
		52E6E40F1EC7132900B59D25 /* ActivityWeekForm3Handler.swift */ = {isa = PBXFileReference; fileEncoding = 4; lastKnownFileType = sourcecode.swift; path = ActivityWeekForm3Handler.swift; sourceTree = "<group>"; };
		52E6E4111EC7137500B59D25 /* ActivityWeekForm4Handler.swift */ = {isa = PBXFileReference; fileEncoding = 4; lastKnownFileType = sourcecode.swift; path = ActivityWeekForm4Handler.swift; sourceTree = "<group>"; };
		52E6E4131EC713C800B59D25 /* ActivityWeekForm5Handler.swift */ = {isa = PBXFileReference; fileEncoding = 4; lastKnownFileType = sourcecode.swift; path = ActivityWeekForm5Handler.swift; sourceTree = "<group>"; };
		52E6E4151EC713FD00B59D25 /* ActivityWeekForm6Handler.swift */ = {isa = PBXFileReference; fileEncoding = 4; lastKnownFileType = sourcecode.swift; path = ActivityWeekForm6Handler.swift; sourceTree = "<group>"; };
		52E6E4171EC7143200B59D25 /* ActivityWeekForm7Handler.swift */ = {isa = PBXFileReference; fileEncoding = 4; lastKnownFileType = sourcecode.swift; path = ActivityWeekForm7Handler.swift; sourceTree = "<group>"; };
		52E6E41A1EC71C1200B59D25 /* ShowActivitiesInPrivateGroupController.swift */ = {isa = PBXFileReference; fileEncoding = 4; lastKnownFileType = sourcecode.swift; path = ShowActivitiesInPrivateGroupController.swift; sourceTree = "<group>"; };
		52E6E41C1EC71D5A00B59D25 /* ShowActivitiesInPrivateGroupCell.swift */ = {isa = PBXFileReference; fileEncoding = 4; lastKnownFileType = sourcecode.swift; path = ShowActivitiesInPrivateGroupCell.swift; sourceTree = "<group>"; };
		52E6E41F1EC75A4200B59D25 /* ActivitiesCommentsController.swift */ = {isa = PBXFileReference; fileEncoding = 4; lastKnownFileType = sourcecode.swift; path = ActivitiesCommentsController.swift; sourceTree = "<group>"; };
		52E6E4211EC75A5300B59D25 /* ActivitiesCommentsCell.swift */ = {isa = PBXFileReference; fileEncoding = 4; lastKnownFileType = sourcecode.swift; path = ActivitiesCommentsCell.swift; sourceTree = "<group>"; };
		52E6E4231EC75A9400B59D25 /* ActivitiesCommentsControllerHandler.swift */ = {isa = PBXFileReference; fileEncoding = 4; lastKnownFileType = sourcecode.swift; path = ActivitiesCommentsControllerHandler.swift; sourceTree = "<group>"; };
		52E6E4251EC75AC100B59D25 /* ActivitiesCommentsCellHandler.swift */ = {isa = PBXFileReference; fileEncoding = 4; lastKnownFileType = sourcecode.swift; path = ActivitiesCommentsCellHandler.swift; sourceTree = "<group>"; };
		52F31A071E7D6F93000F5157 /* CouchbaseLite.framework */ = {isa = PBXFileReference; lastKnownFileType = wrapper.framework; path = CouchbaseLite.framework; sourceTree = "<group>"; };
		52F31A091E7D6FE4000F5157 /* CFNetwork.framework */ = {isa = PBXFileReference; lastKnownFileType = wrapper.framework; name = CFNetwork.framework; path = System/Library/Frameworks/CFNetwork.framework; sourceTree = SDKROOT; };
		52F31A0B1E7D6FEE000F5157 /* Security.framework */ = {isa = PBXFileReference; lastKnownFileType = wrapper.framework; name = Security.framework; path = System/Library/Frameworks/Security.framework; sourceTree = SDKROOT; };
		52F31A0D1E7D6FF9000F5157 /* SystemConfiguration.framework */ = {isa = PBXFileReference; lastKnownFileType = wrapper.framework; name = SystemConfiguration.framework; path = System/Library/Frameworks/SystemConfiguration.framework; sourceTree = SDKROOT; };
		52F31A0F1E7D7007000F5157 /* libsqlite3.tbd */ = {isa = PBXFileReference; lastKnownFileType = "sourcecode.text-based-dylib-definition"; name = libsqlite3.tbd; path = usr/lib/libsqlite3.tbd; sourceTree = SDKROOT; };
		52F31A111E7D7013000F5157 /* libz.tbd */ = {isa = PBXFileReference; lastKnownFileType = "sourcecode.text-based-dylib-definition"; name = libz.tbd; path = usr/lib/libz.tbd; sourceTree = SDKROOT; };
		52F31A131E7D7023000F5157 /* libc++.tbd */ = {isa = PBXFileReference; lastKnownFileType = "sourcecode.text-based-dylib-definition"; name = "libc++.tbd"; path = "usr/lib/libc++.tbd"; sourceTree = SDKROOT; };
		52F31A151E7D7A7D000F5157 /* Houp.h */ = {isa = PBXFileReference; lastKnownFileType = sourcecode.c.h; path = Houp.h; sourceTree = "<group>"; };
		52F3F3DE1E9BD5A400B3FEA2 /* Validation.swift */ = {isa = PBXFileReference; fileEncoding = 4; lastKnownFileType = sourcecode.swift; path = Validation.swift; sourceTree = "<group>"; };
/* End PBXFileReference section */

/* Begin PBXFrameworksBuildPhase section */
		52499A4A1E7BF7FD006061B2 /* Frameworks */ = {
			isa = PBXFrameworksBuildPhase;
			buildActionMask = 2147483647;
			files = (
				52F31A141E7D7023000F5157 /* libc++.tbd in Frameworks */,
				52F31A121E7D7013000F5157 /* libz.tbd in Frameworks */,
				52F31A101E7D7007000F5157 /* libsqlite3.tbd in Frameworks */,
				52F31A0E1E7D6FF9000F5157 /* SystemConfiguration.framework in Frameworks */,
				52F31A0C1E7D6FEE000F5157 /* Security.framework in Frameworks */,
				52F31A0A1E7D6FE4000F5157 /* CFNetwork.framework in Frameworks */,
				52F31A081E7D6F93000F5157 /* CouchbaseLite.framework in Frameworks */,
			);
			runOnlyForDeploymentPostprocessing = 0;
		};
/* End PBXFrameworksBuildPhase section */

/* Begin PBXGroup section */
		5233915E1E94EFC300A867D9 /* PrivateGroupCommentsCollection */ = {
			isa = PBXGroup;
			children = (
				52A1B96B1E94179E002D7DDB /* PrivateGroupCommentsCollectionViewController.swift */,
				52A1B96D1E941B98002D7DDB /* PrivateGroupCommentsCell.swift */,
			);
			name = PrivateGroupCommentsCollection;
			sourceTree = "<group>";
		};
		523391611E95460700A867D9 /* PrivateGroupCommentsCollectionHandler */ = {
			isa = PBXGroup;
			children = (
				523391621E95462000A867D9 /* PrivateGroupCommentsCellHandler.swift */,
				523391641E95466A00A867D9 /* PrivateGroupCommentsCollectionViewControllerHandler.swift */,
			);
			name = PrivateGroupCommentsCollectionHandler;
			sourceTree = "<group>";
		};
		523391661E9547EF00A867D9 /* PrivateGroupWithThreadsHandler */ = {
			isa = PBXGroup;
			children = (
				523391671E95480300A867D9 /* PrivateGroupWithThreadsControllerHandler.swift */,
			);
			name = PrivateGroupWithThreadsHandler;
			sourceTree = "<group>";
		};
		5233916B1E954DD200A867D9 /* CreateGroupThread */ = {
			isa = PBXGroup;
			children = (
				5233916C1E954DEE00A867D9 /* CreateGroupThreadController.swift */,
			);
			name = CreateGroupThread;
			sourceTree = "<group>";
		};
		5233916E1E9559D500A867D9 /* CreateGroupThreadHandler */ = {
			isa = PBXGroup;
			children = (
				5233916F1E9559F000A867D9 /* CreateGroupThreadHandler.swift */,
			);
			name = CreateGroupThreadHandler;
			sourceTree = "<group>";
		};
		523391761E9792D400A867D9 /* PublicGroupThreadWithComments */ = {
			isa = PBXGroup;
			children = (
				523391721E96AA9A00A867D9 /* PublicGroupThreadWithCommentsController.swift */,
				523391741E96AADA00A867D9 /* PublicGroupCommentsCell.swift */,
			);
			name = PublicGroupThreadWithComments;
			sourceTree = "<group>";
		};
		52499A441E7BF7FD006061B2 = {
			isa = PBXGroup;
			children = (
				52499A4F1E7BF7FD006061B2 /* Houp */,
				52499A4E1E7BF7FD006061B2 /* Products */,
				52F31A061E7D6F6E000F5157 /* Frameworks */,
			);
			sourceTree = "<group>";
		};
		52499A4E1E7BF7FD006061B2 /* Products */ = {
			isa = PBXGroup;
			children = (
				52499A4D1E7BF7FD006061B2 /* Houp.app */,
			);
			name = Products;
			sourceTree = "<group>";
		};
		52499A4F1E7BF7FD006061B2 /* Houp */ = {
			isa = PBXGroup;
			children = (
				52499A6A1E7BFD37006061B2 /* Model */,
				52499A6B1E7BFD44006061B2 /* View */,
				52499A6C1E7BFD4A006061B2 /* Controller */,
				52499A651E7BF80D006061B2 /* Extensions */,
				52499A6D1E7BFD68006061B2 /* Settings */,
			);
			path = Houp;
			sourceTree = "<group>";
		};
		52499A651E7BF80D006061B2 /* Extensions */ = {
			isa = PBXGroup;
			children = (
				52499A661E7BF821006061B2 /* UIViewExtension.swift */,
				52499A681E7BFB95006061B2 /* UIColorExtension.swift */,
				5218B64B1E8047F400B502DF /* CustomTextField.swift */,
				52A75F661E81A9830038CF4F /* CustomViews.swift */,
				528986FE1E83E86400322A99 /* ImageCache.swift */,
				521EB0591E8AE3BA009D472C /* GetString.swift */,
				521ECCA51E8BDE8C001C10BC /* CustomNavigationBarController.swift */,
				52D5AF9D1E8D7AA30007C448 /* UITextViewExtension.swift */,
				52F3F3DE1E9BD5A400B3FEA2 /* Validation.swift */,
				529BB64B1E9EB01800776D16 /* DateExtension.swift */,
				52E696131EEF34DC0032CE6D /* CustomErrors.swift */,
			);
			name = Extensions;
			sourceTree = "<group>";
		};
		52499A6A1E7BFD37006061B2 /* Model */ = {
			isa = PBXGroup;
			children = (
				52499A501E7BF7FD006061B2 /* AppDelegate.swift */,
				525B69921ECB30F900E8C3C8 /* Objects */,
				528987001E83F5A500322A99 /* Database */,
			);
			name = Model;
			sourceTree = "<group>";
		};
		52499A6B1E7BFD44006061B2 /* View */ = {
			isa = PBXGroup;
			children = (
				52D5D6071EF2959F009ACC3E /* EditActivity */,
				529E57431ED5F94700256090 /* EditThread */,
				529E573D1ED4AA8F00256090 /* EditPrivateGroup */,
				525B69911ECB2EB100E8C3C8 /* GroupRequestsAndMembersHandler */,
				525B698C1ECB2D1300E8C3C8 /* GroupCommentsHandler */,
				525B698B1ECB2CFA00E8C3C8 /* ActivityWeekCollectionHandler */,
				525B698A1ECB2CB700E8C3C8 /* ActivityFormHandler */,
				525B69891ECB2C7200E8C3C8 /* CreateActivityWeekHandler */,
				525B69841ECB2B7500E8C3C8 /* ActivitiesInGroupHandler */,
				525B69831ECB2B1C00E8C3C8 /* ActivitiesGroupCommentsHandler */,
				5233916E1E9559D500A867D9 /* CreateGroupThreadHandler */,
				52D5AF8F1E8D5E600007C448 /* PrivateGroupHandler */,
				523391661E9547EF00A867D9 /* PrivateGroupWithThreadsHandler */,
				523391611E95460700A867D9 /* PrivateGroupCommentsCollectionHandler */,
				52A75F681E81BA1C0038CF4F /* LoginHandler */,
				52A75F651E819EED0038CF4F /* RegistrationHandler */,
				52D5AF921E8D5EBB0007C448 /* SettingsHandler */,
				52D5AF951E8D5F4A0007C448 /* MakeRequestToPrivateGroupHandler */,
				52D5AF981E8D5FCB0007C448 /* CreateNewPrivateGroupHandler */,
				52E6E3E31EBCDC6400B59D25 /* PublicGroupThreadsHandler */,
				52E6E3E21EBCDC4700B59D25 /* PublicGroupCommentsHandler */,
			);
			name = View;
			sourceTree = "<group>";
		};
		52499A6C1E7BFD4A006061B2 /* Controller */ = {
			isa = PBXGroup;
			children = (
				52E6E41E1EC759D000B59D25 /* ActivitiesGroupComments */,
				52E6E4191EC71BEB00B59D25 /* ActivitiesInGroup */,
				52E6E3FA1EC21EB000B59D25 /* CreateActivityWeek */,
				52E6E3ED1EC0BAA100B59D25 /* ActivityForm */,
				52E6E3E41EBF4E0300B59D25 /* ActivityWeekCollection */,
				52E6E3D81EBB6FF500B59D25 /* GroupComments */,
				5233916B1E954DD200A867D9 /* CreateGroupThread */,
				52A75F691E81BA300038CF4F /* Login */,
				52A75F5A1E8195B40038CF4F /* Registration */,
				52D5AF881E8D5D260007C448 /* CustomTabBarController */,
				52D5AF891E8D5D3D0007C448 /* PrivateGroups */,
				52D5AF8C1E8D5D770007C448 /* SettingsViewController */,
				52D5AF8E1E8D5D970007C448 /* MakeRequestToPrivateGroup */,
				52D5AF8D1E8D5D890007C448 /* CreateNewPrivateGroup */,
				52A1B96A1E940F5B002D7DDB /* PrivateGroupWithThreads */,
				52D5AF8A1E8D5D540007C448 /* PublicGroupThreadsView */,
				52E6E3E11EBCDC0500B59D25 /* PrivateGroupRequestsAndMembers */,
				523391761E9792D400A867D9 /* PublicGroupThreadWithComments */,
				5233915E1E94EFC300A867D9 /* PrivateGroupCommentsCollection */,
			);
			name = Controller;
			sourceTree = "<group>";
		};
		52499A6D1E7BFD68006061B2 /* Settings */ = {
			isa = PBXGroup;
			children = (
				52499A5F1E7BF7FD006061B2 /* Info.plist */,
				52499A5A1E7BF7FD006061B2 /* Assets.xcassets */,
				52499A571E7BF7FD006061B2 /* Houp.xcdatamodeld */,
				52F31A151E7D7A7D000F5157 /* Houp.h */,
			);
			name = Settings;
			sourceTree = "<group>";
		};
		525B69831ECB2B1C00E8C3C8 /* ActivitiesGroupCommentsHandler */ = {
			isa = PBXGroup;
			children = (
				52E6E4231EC75A9400B59D25 /* ActivitiesCommentsControllerHandler.swift */,
				52E6E4251EC75AC100B59D25 /* ActivitiesCommentsCellHandler.swift */,
			);
			name = ActivitiesGroupCommentsHandler;
			sourceTree = "<group>";
		};
		525B69841ECB2B7500E8C3C8 /* ActivitiesInGroupHandler */ = {
			isa = PBXGroup;
			children = (
				525B69851ECB2BAA00E8C3C8 /* ShowActivitiesInPrivateGroupControllerHandler.swift */,
				525B69871ECB2BF600E8C3C8 /* ShowActivitiesInPrivateGroupCellHandler.swift */,
			);
			name = ActivitiesInGroupHandler;
			sourceTree = "<group>";
		};
		525B69891ECB2C7200E8C3C8 /* CreateActivityWeekHandler */ = {
			isa = PBXGroup;
			children = (
				52E6E40B1EC7126200B59D25 /* CreateActivityWeekControllerHandler.swift */,
				52E6E40D1EC712D900B59D25 /* ActivityWeekForm2Handler.swift */,
				52E6E40F1EC7132900B59D25 /* ActivityWeekForm3Handler.swift */,
				52E6E4111EC7137500B59D25 /* ActivityWeekForm4Handler.swift */,
				52E6E4131EC713C800B59D25 /* ActivityWeekForm5Handler.swift */,
				52E6E4151EC713FD00B59D25 /* ActivityWeekForm6Handler.swift */,
				52E6E4171EC7143200B59D25 /* ActivityWeekForm7Handler.swift */,
			);
			name = CreateActivityWeekHandler;
			sourceTree = "<group>";
		};
		525B698A1ECB2CB700E8C3C8 /* ActivityFormHandler */ = {
			isa = PBXGroup;
			children = (
				52E6E3F41EC1F88700B59D25 /* ActivityForm1Handler.swift */,
				52E6E3F61EC1F89A00B59D25 /* ActivityForm2Handler.swift */,
				52E6E3F81EC1F8A400B59D25 /* ActivityForm3Handler.swift */,
			);
			name = ActivityFormHandler;
			sourceTree = "<group>";
		};
		525B698B1ECB2CFA00E8C3C8 /* ActivityWeekCollectionHandler */ = {
			isa = PBXGroup;
			children = (
				525B69811ECB0AC600E8C3C8 /* ActivityWeekCollectionHandler.swift */,
				52D5D60C1EF29F63009ACC3E /* ActivityWeekCollectionCellHandler.swift */,
				52D5D60E1EF2A1F9009ACC3E /* ActivityWeekCollectionHighlightedCellHandler.swift */,
			);
			name = ActivityWeekCollectionHandler;
			sourceTree = "<group>";
		};
		525B698C1ECB2D1300E8C3C8 /* GroupCommentsHandler */ = {
			isa = PBXGroup;
			children = (
				52E6E3DD1EBB707900B59D25 /* GroupCommentsControllerHandler.swift */,
				52E6E3DF1EBB708B00B59D25 /* GroupCommentsCellHandler.swift */,
			);
			name = GroupCommentsHandler;
			sourceTree = "<group>";
		};
		525B69911ECB2EB100E8C3C8 /* GroupRequestsAndMembersHandler */ = {
			isa = PBXGroup;
			children = (
				525B698D1ECB2E3D00E8C3C8 /* PrivateGroupRequestsAndMembersListHandler.swift */,
				525B698F1ECB2E7E00E8C3C8 /* PrivateGroupRequestsAndMembersCellHandler.swift */,
			);
			name = GroupRequestsAndMembersHandler;
			sourceTree = "<group>";
		};
		525B69921ECB30F900E8C3C8 /* Objects */ = {
			isa = PBXGroup;
			children = (
				529389F61F019A1D0027A448 /* TempStorageObjects */,
				521ECC9F1E8BB9C6001C10BC /* PrivateGroup.swift */,
				52E54AC81E82D5AC00856EF8 /* User.swift */,
				529BB64F1EA7848700776D16 /* Thread.swift */,
				529BB64D1EA67A9D00776D16 /* UserObject.swift */,
				521C0C021EB0E75200D05F8F /* Comment.swift */,
				52E6E4091EC4ACDF00B59D25 /* Activity.swift */,
				529E57391ED0783A00256090 /* Timer.swift */,
				529E573B1ED4832800256090 /* CalendarObject.swift */,
				520D12E71EFABF920049604D /* HoupNotifications.swift */,
			);
			name = Objects;
			sourceTree = "<group>";
		};
		528987001E83F5A500322A99 /* Database */ = {
			isa = PBXGroup;
			children = (
				528987011E83F5CC00322A99 /* DBConnection.swift */,
				52102E091E89850F005715A9 /* DBViews.swift */,
				52102E0B1E898556005715A9 /* DBFunctions.swift */,
			);
			name = Database;
			sourceTree = "<group>";
		};
		529389F61F019A1D0027A448 /* TempStorageObjects */ = {
			isa = PBXGroup;
			children = (
				5283A0FA1EDC8DA50098E678 /* TempStorageAndCompare.swift */,
				529389F81F019A550027A448 /* CompareAndSaveUser.swift */,
				529389FA1F019AB30027A448 /* CompareAndSaveGroup.swift */,
				529389FC1F019B1F0027A448 /* CompareAndSaveGroupActivities.swift */,
				529389FE1F019B7F0027A448 /* CompareAndSaveActivitiesOfWeek.swift */,
				52938A001F019BC00027A448 /* CompareAndSaveThreads.swift */,
			);
			name = TempStorageObjects;
			sourceTree = "<group>";
		};
		529E573D1ED4AA8F00256090 /* EditPrivateGroup */ = {
			isa = PBXGroup;
			children = (
				529E573E1ED4AAA700256090 /* EditPrivateGroup.swift */,
				529E57401ED4AAB800256090 /* EditPrivateGroupHandler.swift */,
			);
			name = EditPrivateGroup;
			sourceTree = "<group>";
		};
		529E57431ED5F94700256090 /* EditThread */ = {
			isa = PBXGroup;
			children = (
				529E57441ED5F95E00256090 /* EditThread.swift */,
				529E57461ED5F96B00256090 /* EditThreadHandler.swift */,
			);
			name = EditThread;
			sourceTree = "<group>";
		};
		52A1B96A1E940F5B002D7DDB /* PrivateGroupWithThreads */ = {
			isa = PBXGroup;
			children = (
				521AF4931E92AC06007D2E36 /* PrivateGroupWithThreadsController.swift */,
				521AF4951E92DBB9007D2E36 /* PrivateGroupThreadsCell.swift */,
			);
			name = PrivateGroupWithThreads;
			sourceTree = "<group>";
		};
		52A75F5A1E8195B40038CF4F /* Registration */ = {
			isa = PBXGroup;
			children = (
				528CFCC21E8139E700B6993D /* RegistrationUserNameController.swift */,
				52A75F541E81723E0038CF4F /* RegistrationNamePrenameController.swift */,
				52A75F5B1E81960D0038CF4F /* RegistrationAgeGenderController.swift */,
				52A75F5F1E819DBA0038CF4F /* RegistrationEmailPasswordController.swift */,
			);
			name = Registration;
			sourceTree = "<group>";
		};
		52A75F651E819EED0038CF4F /* RegistrationHandler */ = {
			isa = PBXGroup;
			children = (
				52A75F561E81781E0038CF4F /* RegistrationUserNameHandler.swift */,
				52A75F581E8179840038CF4F /* RegistrationPersonalDataHandler.swift */,
				52A75F611E819E2F0038CF4F /* RegistrationAgeGenderHandler.swift */,
				52A75F631E819E5F0038CF4F /* RegistrationEmailPasswordHandler.swift */,
			);
			name = RegistrationHandler;
			sourceTree = "<group>";
		};
		52A75F681E81BA1C0038CF4F /* LoginHandler */ = {
			isa = PBXGroup;
			children = (
				528CFCBD1E80623100B6993D /* LoginHandler.swift */,
			);
			name = LoginHandler;
			sourceTree = "<group>";
		};
		52A75F691E81BA300038CF4F /* Login */ = {
			isa = PBXGroup;
			children = (
				52499A521E7BF7FD006061B2 /* LoginViewController.swift */,
			);
			name = Login;
			sourceTree = "<group>";
		};
		52D5AF881E8D5D260007C448 /* CustomTabBarController */ = {
			isa = PBXGroup;
			children = (
				521EB04F1E8ABD46009D472C /* CustomTabBarController.swift */,
			);
			name = CustomTabBarController;
			sourceTree = "<group>";
		};
		52D5AF891E8D5D3D0007C448 /* PrivateGroups */ = {
			isa = PBXGroup;
			children = (
				521EB0511E8ABE1F009D472C /* PrivateGroupCollectionViewController.swift */,
				52D5AF9B1E8D64BD0007C448 /* PrivateGroupsCell.swift */,
			);
			name = PrivateGroups;
			sourceTree = "<group>";
		};
		52D5AF8A1E8D5D540007C448 /* PublicGroupThreadsView */ = {
			isa = PBXGroup;
			children = (
				521EB0531E8AC596009D472C /* PublicGroupThreadsController.swift */,
				523391691E95499A00A867D9 /* PublicGroupThreadsCell.swift */,
			);
			name = PublicGroupThreadsView;
			sourceTree = "<group>";
		};
		52D5AF8C1E8D5D770007C448 /* SettingsViewController */ = {
			isa = PBXGroup;
			children = (
				521EB0571E8AC72B009D472C /* SettingsCollectionViewController.swift */,
			);
			name = SettingsViewController;
			sourceTree = "<group>";
		};
		52D5AF8D1E8D5D890007C448 /* CreateNewPrivateGroup */ = {
			isa = PBXGroup;
			children = (
				521ECCA11E8BBC42001C10BC /* CreatePrivateGroupViewController.swift */,
			);
			name = CreateNewPrivateGroup;
			sourceTree = "<group>";
		};
		52D5AF8E1E8D5D970007C448 /* MakeRequestToPrivateGroup */ = {
			isa = PBXGroup;
			children = (
				521ECCA31E8BDACE001C10BC /* MakeRequestPrivateGroupViewController.swift */,
			);
			name = MakeRequestToPrivateGroup;
			sourceTree = "<group>";
		};
		52D5AF8F1E8D5E600007C448 /* PrivateGroupHandler */ = {
			isa = PBXGroup;
			children = (
				52D5AF901E8D5E770007C448 /* PrivateGroupExtension.swift */,
				52D5D6051EF148BC009ACC3E /* PrivateGroupCollectionCellHandler.swift */,
			);
			name = PrivateGroupHandler;
			sourceTree = "<group>";
		};
		52D5AF921E8D5EBB0007C448 /* SettingsHandler */ = {
			isa = PBXGroup;
			children = (
				52D5AF931E8D5ECD0007C448 /* SettingsHandler.swift */,
			);
			name = SettingsHandler;
			sourceTree = "<group>";
		};
		52D5AF951E8D5F4A0007C448 /* MakeRequestToPrivateGroupHandler */ = {
			isa = PBXGroup;
			children = (
				52D5AF961E8D5F680007C448 /* MakeRequestToPrivateGroupHandler.swift */,
			);
			name = MakeRequestToPrivateGroupHandler;
			sourceTree = "<group>";
		};
		52D5AF981E8D5FCB0007C448 /* CreateNewPrivateGroupHandler */ = {
			isa = PBXGroup;
			children = (
				52D5AF991E8D5FE40007C448 /* CreateNewPrivateGroupHandler.swift */,
			);
			name = CreateNewPrivateGroupHandler;
			sourceTree = "<group>";
		};
		52D5D6071EF2959F009ACC3E /* EditActivity */ = {
			isa = PBXGroup;
			children = (
				52D5D6081EF295C3009ACC3E /* EditActivity.swift */,
				52D5D60A1EF295D3009ACC3E /* EditActivityHandler.swift */,
			);
			name = EditActivity;
			sourceTree = "<group>";
		};
		52E6E3D81EBB6FF500B59D25 /* GroupComments */ = {
			isa = PBXGroup;
			children = (
				52E6E3D91EBB701A00B59D25 /* GroupCommentsController.swift */,
				52E6E3DB1EBB702B00B59D25 /* GroupCommentsCell.swift */,
				525B697F1EC9D57700E8C3C8 /* CommentsSectionHeader.swift */,
			);
			name = GroupComments;
			sourceTree = "<group>";
		};
		52E6E3E11EBCDC0500B59D25 /* PrivateGroupRequestsAndMembers */ = {
			isa = PBXGroup;
			children = (
				523391771E97931200A867D9 /* PrivateGroupRequestsAndMembersList.swift */,
				523391791E97A03200A867D9 /* PrivateGroupRequestsAndMembersCell.swift */,
				5233917B1E97CE9C00A867D9 /* PrivateGroupRequestsAndMembersHeader.swift */,
			);
			name = PrivateGroupRequestsAndMembers;
			sourceTree = "<group>";
		};
		52E6E3E21EBCDC4700B59D25 /* PublicGroupCommentsHandler */ = {
			isa = PBXGroup;
			children = (
				52E6E3D21EBB4AA200B59D25 /* PublicGroupCommentsCellHandler.swift */,
				52E6E3D41EBB4B8800B59D25 /* PublicGroupCommentsHandler.swift */,
			);
			name = PublicGroupCommentsHandler;
			sourceTree = "<group>";
		};
		52E6E3E31EBCDC6400B59D25 /* PublicGroupThreadsHandler */ = {
			isa = PBXGroup;
			children = (
				52E6E3D61EBB4D1F00B59D25 /* PublicGroupThreadsHandler.swift */,
			);
			name = PublicGroupThreadsHandler;
			sourceTree = "<group>";
		};
		52E6E3E41EBF4E0300B59D25 /* ActivityWeekCollection */ = {
			isa = PBXGroup;
			children = (
				52E6E3E51EBF4E2E00B59D25 /* ActivityWeekCollection.swift */,
				52E6E3E71EBF4E3E00B59D25 /* ActivityWeekCollectionCell.swift */,
				52E6E3EB1EBF5A1500B59D25 /* ActivityWeekHighlightedCell.swift */,
			);
			name = ActivityWeekCollection;
			sourceTree = "<group>";
		};
		52E6E3ED1EC0BAA100B59D25 /* ActivityForm */ = {
			isa = PBXGroup;
			children = (
				52E6E3EE1EC0BABD00B59D25 /* ActivityForm1.swift */,
				52E6E3F01EC0BACA00B59D25 /* ActivityForm2.swift */,
				52E6E3F21EC0BAD600B59D25 /* ActivityForm3.swift */,
			);
			name = ActivityForm;
			sourceTree = "<group>";
		};
		52E6E3FA1EC21EB000B59D25 /* CreateActivityWeek */ = {
			isa = PBXGroup;
			children = (
				52E6E3FB1EC21ED500B59D25 /* CreateActivityWeekController.swift */,
				52E6E3FD1EC2327E00B59D25 /* ActivityWeekForm2.swift */,
				52E6E3FF1EC2357300B59D25 /* ActivityWeekForm3.swift */,
				52E6E4011EC2359000B59D25 /* ActivityWeekForm4.swift */,
				52E6E4031EC235AF00B59D25 /* ActivityWeekForm5.swift */,
				52E6E4051EC235C700B59D25 /* ActivityWeekForm6.swift */,
				52E6E4071EC235DF00B59D25 /* ActivityWeekForm7.swift */,
			);
			name = CreateActivityWeek;
			sourceTree = "<group>";
		};
		52E6E4191EC71BEB00B59D25 /* ActivitiesInGroup */ = {
			isa = PBXGroup;
			children = (
				52E6E41A1EC71C1200B59D25 /* ShowActivitiesInPrivateGroupController.swift */,
				52E6E41C1EC71D5A00B59D25 /* ShowActivitiesInPrivateGroupCell.swift */,
			);
			name = ActivitiesInGroup;
			sourceTree = "<group>";
		};
		52E6E41E1EC759D000B59D25 /* ActivitiesGroupComments */ = {
			isa = PBXGroup;
			children = (
				52E6E41F1EC75A4200B59D25 /* ActivitiesCommentsController.swift */,
				52E6E4211EC75A5300B59D25 /* ActivitiesCommentsCell.swift */,
			);
			name = ActivitiesGroupComments;
			sourceTree = "<group>";
		};
		52F31A061E7D6F6E000F5157 /* Frameworks */ = {
			isa = PBXGroup;
			children = (
				52F31A071E7D6F93000F5157 /* CouchbaseLite.framework */,
				52F31A131E7D7023000F5157 /* libc++.tbd */,
				52F31A111E7D7013000F5157 /* libz.tbd */,
				52F31A0F1E7D7007000F5157 /* libsqlite3.tbd */,
				52F31A0D1E7D6FF9000F5157 /* SystemConfiguration.framework */,
				52F31A0B1E7D6FEE000F5157 /* Security.framework */,
				52F31A091E7D6FE4000F5157 /* CFNetwork.framework */,
			);
			name = Frameworks;
			sourceTree = "<group>";
		};
/* End PBXGroup section */

/* Begin PBXNativeTarget section */
		52499A4C1E7BF7FD006061B2 /* Houp */ = {
			isa = PBXNativeTarget;
			buildConfigurationList = 52499A621E7BF7FD006061B2 /* Build configuration list for PBXNativeTarget "Houp" */;
			buildPhases = (
				52499A491E7BF7FD006061B2 /* Sources */,
				52499A4A1E7BF7FD006061B2 /* Frameworks */,
				52499A4B1E7BF7FD006061B2 /* Resources */,
			);
			buildRules = (
			);
			dependencies = (
			);
			name = Houp;
			productName = Houp;
			productReference = 52499A4D1E7BF7FD006061B2 /* Houp.app */;
			productType = "com.apple.product-type.application";
		};
/* End PBXNativeTarget section */

/* Begin PBXProject section */
		52499A451E7BF7FD006061B2 /* Project object */ = {
			isa = PBXProject;
			attributes = {
				LastSwiftUpdateCheck = 0820;
				LastUpgradeCheck = 0820;
				ORGANIZATIONNAME = SP;
				TargetAttributes = {
					52499A4C1E7BF7FD006061B2 = {
						CreatedOnToolsVersion = 8.2.1;
						DevelopmentTeam = 77R93D5R5W;
						ProvisioningStyle = Automatic;
					};
				};
			};
			buildConfigurationList = 52499A481E7BF7FD006061B2 /* Build configuration list for PBXProject "Houp" */;
			compatibilityVersion = "Xcode 3.2";
			developmentRegion = English;
			hasScannedForEncodings = 0;
			knownRegions = (
				en,
				Base,
			);
			mainGroup = 52499A441E7BF7FD006061B2;
			productRefGroup = 52499A4E1E7BF7FD006061B2 /* Products */;
			projectDirPath = "";
			projectRoot = "";
			targets = (
				52499A4C1E7BF7FD006061B2 /* Houp */,
			);
		};
/* End PBXProject section */

/* Begin PBXResourcesBuildPhase section */
		52499A4B1E7BF7FD006061B2 /* Resources */ = {
			isa = PBXResourcesBuildPhase;
			buildActionMask = 2147483647;
			files = (
				52499A5B1E7BF7FD006061B2 /* Assets.xcassets in Resources */,
			);
			runOnlyForDeploymentPostprocessing = 0;
		};
/* End PBXResourcesBuildPhase section */

/* Begin PBXSourcesBuildPhase section */
		52499A491E7BF7FD006061B2 /* Sources */ = {
			isa = PBXSourcesBuildPhase;
			buildActionMask = 2147483647;
			files = (
				521AF4961E92DBB9007D2E36 /* PrivateGroupThreadsCell.swift in Sources */,
				52499A531E7BF7FD006061B2 /* LoginViewController.swift in Sources */,
				521ECCA01E8BB9C6001C10BC /* PrivateGroup.swift in Sources */,
				52499A511E7BF7FD006061B2 /* AppDelegate.swift in Sources */,
				52A75F601E819DBA0038CF4F /* RegistrationEmailPasswordController.swift in Sources */,
				5283A0FB1EDC8DA50098E678 /* TempStorageAndCompare.swift in Sources */,
				525B69861ECB2BAA00E8C3C8 /* ShowActivitiesInPrivateGroupControllerHandler.swift in Sources */,
				52E6E40E1EC712D900B59D25 /* ActivityWeekForm2Handler.swift in Sources */,
				52E6E3DA1EBB701A00B59D25 /* GroupCommentsController.swift in Sources */,
				52E6E4081EC235DF00B59D25 /* ActivityWeekForm7.swift in Sources */,
				52F3F3DF1E9BD5A400B3FEA2 /* Validation.swift in Sources */,
				52E6E41D1EC71D5A00B59D25 /* ShowActivitiesInPrivateGroupCell.swift in Sources */,
				52E6E3EF1EC0BABD00B59D25 /* ActivityForm1.swift in Sources */,
				52499A691E7BFB95006061B2 /* UIColorExtension.swift in Sources */,
				52E6E3D51EBB4B8800B59D25 /* PublicGroupCommentsHandler.swift in Sources */,
				52E6E3E01EBB708B00B59D25 /* GroupCommentsCellHandler.swift in Sources */,
				528987021E83F5CC00322A99 /* DBConnection.swift in Sources */,
				52E696141EEF34DC0032CE6D /* CustomErrors.swift in Sources */,
				523391731E96AA9A00A867D9 /* PublicGroupThreadWithCommentsController.swift in Sources */,
				52E6E3D71EBB4D1F00B59D25 /* PublicGroupThreadsHandler.swift in Sources */,
				521EB0521E8ABE1F009D472C /* PrivateGroupCollectionViewController.swift in Sources */,
				52E6E3D31EBB4AA200B59D25 /* PublicGroupCommentsCellHandler.swift in Sources */,
				521AF4941E92AC06007D2E36 /* PrivateGroupWithThreadsController.swift in Sources */,
				521EB0581E8AC72B009D472C /* SettingsCollectionViewController.swift in Sources */,
				52E6E3F11EC0BACA00B59D25 /* ActivityForm2.swift in Sources */,
				529389FD1F019B1F0027A448 /* CompareAndSaveGroupActivities.swift in Sources */,
				529E573A1ED0783A00256090 /* Timer.swift in Sources */,
				52D5AF9C1E8D64BD0007C448 /* PrivateGroupsCell.swift in Sources */,
				529E57451ED5F95E00256090 /* EditThread.swift in Sources */,
				523391751E96AADA00A867D9 /* PublicGroupCommentsCell.swift in Sources */,
				521ECCA61E8BDE8C001C10BC /* CustomNavigationBarController.swift in Sources */,
				52E6E4221EC75A5300B59D25 /* ActivitiesCommentsCell.swift in Sources */,
				52E6E4141EC713C800B59D25 /* ActivityWeekForm5Handler.swift in Sources */,
				52E6E40A1EC4ACDF00B59D25 /* Activity.swift in Sources */,
				52D5D60F1EF2A1F9009ACC3E /* ActivityWeekCollectionHighlightedCellHandler.swift in Sources */,
				521C0C031EB0E75200D05F8F /* Comment.swift in Sources */,
				521ECCA21E8BBC42001C10BC /* CreatePrivateGroupViewController.swift in Sources */,
				520D12E81EFABF920049604D /* HoupNotifications.swift in Sources */,
				52D5D60D1EF29F63009ACC3E /* ActivityWeekCollectionCellHandler.swift in Sources */,
				5218B64C1E8047F400B502DF /* CustomTextField.swift in Sources */,
				52D5AF941E8D5ECD0007C448 /* SettingsHandler.swift in Sources */,
				523391781E97931200A867D9 /* PrivateGroupRequestsAndMembersList.swift in Sources */,
				52102E0C1E898556005715A9 /* DBFunctions.swift in Sources */,
				52499A671E7BF821006061B2 /* UIViewExtension.swift in Sources */,
				52D5D6061EF148BC009ACC3E /* PrivateGroupCollectionCellHandler.swift in Sources */,
				529E57471ED5F96B00256090 /* EditThreadHandler.swift in Sources */,
				523391631E95462000A867D9 /* PrivateGroupCommentsCellHandler.swift in Sources */,
				52E6E4021EC2359000B59D25 /* ActivityWeekForm4.swift in Sources */,
				52E6E4241EC75A9400B59D25 /* ActivitiesCommentsControllerHandler.swift in Sources */,
				529BB64E1EA67A9D00776D16 /* UserObject.swift in Sources */,
				529E573F1ED4AAA700256090 /* EditPrivateGroup.swift in Sources */,
				525B69901ECB2E7E00E8C3C8 /* PrivateGroupRequestsAndMembersCellHandler.swift in Sources */,
				52938A011F019BC00027A448 /* CompareAndSaveThreads.swift in Sources */,
				529389F91F019A550027A448 /* CompareAndSaveUser.swift in Sources */,
				525B69801EC9D57700E8C3C8 /* CommentsSectionHeader.swift in Sources */,
				529E573C1ED4832900256090 /* CalendarObject.swift in Sources */,
				525B69821ECB0AC600E8C3C8 /* ActivityWeekCollectionHandler.swift in Sources */,
				521EB05A1E8AE3BA009D472C /* GetString.swift in Sources */,
				52A1B96E1E941B98002D7DDB /* PrivateGroupCommentsCell.swift in Sources */,
				523391701E9559F000A867D9 /* CreateGroupThreadHandler.swift in Sources */,
				523391681E95480300A867D9 /* PrivateGroupWithThreadsControllerHandler.swift in Sources */,
				52D5D6091EF295C3009ACC3E /* EditActivity.swift in Sources */,
				52E6E3FC1EC21ED500B59D25 /* CreateActivityWeekController.swift in Sources */,
				52A1B96C1E94179E002D7DDB /* PrivateGroupCommentsCollectionViewController.swift in Sources */,
				52E6E4181EC7143200B59D25 /* ActivityWeekForm7Handler.swift in Sources */,
				529389FB1F019AB30027A448 /* CompareAndSaveGroup.swift in Sources */,
				521EB0501E8ABD46009D472C /* CustomTabBarController.swift in Sources */,
				5233917A1E97A03200A867D9 /* PrivateGroupRequestsAndMembersCell.swift in Sources */,
				52A75F621E819E2F0038CF4F /* RegistrationAgeGenderHandler.swift in Sources */,
				52E6E3FE1EC2327E00B59D25 /* ActivityWeekForm2.swift in Sources */,
				521EB0541E8AC596009D472C /* PublicGroupThreadsController.swift in Sources */,
				52E54AC91E82D5AC00856EF8 /* User.swift in Sources */,
				52E6E3F91EC1F8A400B59D25 /* ActivityForm3Handler.swift in Sources */,
				52A75F671E81A9830038CF4F /* CustomViews.swift in Sources */,
				52A75F641E819E5F0038CF4F /* RegistrationEmailPasswordHandler.swift in Sources */,
				52E6E3F51EC1F88700B59D25 /* ActivityForm1Handler.swift in Sources */,
				52A75F551E81723E0038CF4F /* RegistrationNamePrenameController.swift in Sources */,
				52102E0A1E89850F005715A9 /* DBViews.swift in Sources */,
				52E6E4001EC2357300B59D25 /* ActivityWeekForm3.swift in Sources */,
				521ECCA41E8BDACE001C10BC /* MakeRequestPrivateGroupViewController.swift in Sources */,
				52A75F5C1E81960D0038CF4F /* RegistrationAgeGenderController.swift in Sources */,
				52E6E41B1EC71C1200B59D25 /* ShowActivitiesInPrivateGroupController.swift in Sources */,
				528986FF1E83E86400322A99 /* ImageCache.swift in Sources */,
				52E6E3DE1EBB707900B59D25 /* GroupCommentsControllerHandler.swift in Sources */,
				52D5AF971E8D5F680007C448 /* MakeRequestToPrivateGroupHandler.swift in Sources */,
				528CFCBE1E80623100B6993D /* LoginHandler.swift in Sources */,
				52E6E4201EC75A4200B59D25 /* ActivitiesCommentsController.swift in Sources */,
				529BB64C1E9EB01800776D16 /* DateExtension.swift in Sources */,
				523391651E95466A00A867D9 /* PrivateGroupCommentsCollectionViewControllerHandler.swift in Sources */,
				52E6E4101EC7132900B59D25 /* ActivityWeekForm3Handler.swift in Sources */,
				52E6E4121EC7137500B59D25 /* ActivityWeekForm4Handler.swift in Sources */,
				525B698E1ECB2E3D00E8C3C8 /* PrivateGroupRequestsAndMembersListHandler.swift in Sources */,
				52D5AF911E8D5E770007C448 /* PrivateGroupExtension.swift in Sources */,
				5233917C1E97CE9C00A867D9 /* PrivateGroupRequestsAndMembersHeader.swift in Sources */,
				52E6E3E61EBF4E2E00B59D25 /* ActivityWeekCollection.swift in Sources */,
				529BB6501EA7848700776D16 /* Thread.swift in Sources */,
				52E6E4061EC235C700B59D25 /* ActivityWeekForm6.swift in Sources */,
				52E6E4261EC75AC100B59D25 /* ActivitiesCommentsCellHandler.swift in Sources */,
				52A75F591E8179840038CF4F /* RegistrationPersonalDataHandler.swift in Sources */,
				52D5AF9A1E8D5FE40007C448 /* CreateNewPrivateGroupHandler.swift in Sources */,
				525B69881ECB2BF600E8C3C8 /* ShowActivitiesInPrivateGroupCellHandler.swift in Sources */,
				52A75F571E81781E0038CF4F /* RegistrationUserNameHandler.swift in Sources */,
				52E6E3F71EC1F89A00B59D25 /* ActivityForm2Handler.swift in Sources */,
				528CFCC31E8139E700B6993D /* RegistrationUserNameController.swift in Sources */,
				52D5AF9E1E8D7AA30007C448 /* UITextViewExtension.swift in Sources */,
				52E6E3EC1EBF5A1500B59D25 /* ActivityWeekHighlightedCell.swift in Sources */,
				5233916A1E95499A00A867D9 /* PublicGroupThreadsCell.swift in Sources */,
				52E6E4161EC713FD00B59D25 /* ActivityWeekForm6Handler.swift in Sources */,
				529E57411ED4AAB800256090 /* EditPrivateGroupHandler.swift in Sources */,
				52E6E3E81EBF4E3E00B59D25 /* ActivityWeekCollectionCell.swift in Sources */,
				52499A591E7BF7FD006061B2 /* Houp.xcdatamodeld in Sources */,
				52E6E4041EC235AF00B59D25 /* ActivityWeekForm5.swift in Sources */,
				529389FF1F019B7F0027A448 /* CompareAndSaveActivitiesOfWeek.swift in Sources */,
				5233916D1E954DEE00A867D9 /* CreateGroupThreadController.swift in Sources */,
				52E6E3F31EC0BAD600B59D25 /* ActivityForm3.swift in Sources */,
				52E6E3DC1EBB702B00B59D25 /* GroupCommentsCell.swift in Sources */,
				52E6E40C1EC7126200B59D25 /* CreateActivityWeekControllerHandler.swift in Sources */,
				52D5D60B1EF295D3009ACC3E /* EditActivityHandler.swift in Sources */,
			);
			runOnlyForDeploymentPostprocessing = 0;
		};
/* End PBXSourcesBuildPhase section */

/* Begin XCBuildConfiguration section */
		52499A601E7BF7FD006061B2 /* Debug */ = {
			isa = XCBuildConfiguration;
			buildSettings = {
				ALWAYS_SEARCH_USER_PATHS = NO;
				CLANG_ANALYZER_NONNULL = YES;
				CLANG_CXX_LANGUAGE_STANDARD = "gnu++0x";
				CLANG_CXX_LIBRARY = "libc++";
				CLANG_ENABLE_MODULES = YES;
				CLANG_ENABLE_OBJC_ARC = YES;
				CLANG_WARN_BOOL_CONVERSION = YES;
				CLANG_WARN_CONSTANT_CONVERSION = YES;
				CLANG_WARN_DIRECT_OBJC_ISA_USAGE = YES_ERROR;
				CLANG_WARN_DOCUMENTATION_COMMENTS = YES;
				CLANG_WARN_EMPTY_BODY = YES;
				CLANG_WARN_ENUM_CONVERSION = YES;
				CLANG_WARN_INFINITE_RECURSION = YES;
				CLANG_WARN_INT_CONVERSION = YES;
				CLANG_WARN_OBJC_ROOT_CLASS = YES_ERROR;
				CLANG_WARN_SUSPICIOUS_MOVE = YES;
				CLANG_WARN_UNREACHABLE_CODE = YES;
				CLANG_WARN__DUPLICATE_METHOD_MATCH = YES;
				"CODE_SIGN_IDENTITY[sdk=iphoneos*]" = "iPhone Developer";
				COPY_PHASE_STRIP = NO;
				DEBUG_INFORMATION_FORMAT = dwarf;
				ENABLE_STRICT_OBJC_MSGSEND = YES;
				ENABLE_TESTABILITY = YES;
				GCC_C_LANGUAGE_STANDARD = gnu99;
				GCC_DYNAMIC_NO_PIC = NO;
				GCC_NO_COMMON_BLOCKS = YES;
				GCC_OPTIMIZATION_LEVEL = 0;
				GCC_PREPROCESSOR_DEFINITIONS = (
					"DEBUG=1",
					"$(inherited)",
				);
				GCC_WARN_64_TO_32_BIT_CONVERSION = YES;
				GCC_WARN_ABOUT_RETURN_TYPE = YES_ERROR;
				GCC_WARN_UNDECLARED_SELECTOR = YES;
				GCC_WARN_UNINITIALIZED_AUTOS = YES_AGGRESSIVE;
				GCC_WARN_UNUSED_FUNCTION = YES;
				GCC_WARN_UNUSED_VARIABLE = YES;
				IPHONEOS_DEPLOYMENT_TARGET = 10.2;
				MTL_ENABLE_DEBUG_INFO = YES;
				ONLY_ACTIVE_ARCH = YES;
				SDKROOT = iphoneos;
				SWIFT_ACTIVE_COMPILATION_CONDITIONS = DEBUG;
				SWIFT_OPTIMIZATION_LEVEL = "-Onone";
			};
			name = Debug;
		};
		52499A611E7BF7FD006061B2 /* Release */ = {
			isa = XCBuildConfiguration;
			buildSettings = {
				ALWAYS_SEARCH_USER_PATHS = NO;
				CLANG_ANALYZER_NONNULL = YES;
				CLANG_CXX_LANGUAGE_STANDARD = "gnu++0x";
				CLANG_CXX_LIBRARY = "libc++";
				CLANG_ENABLE_MODULES = YES;
				CLANG_ENABLE_OBJC_ARC = YES;
				CLANG_WARN_BOOL_CONVERSION = YES;
				CLANG_WARN_CONSTANT_CONVERSION = YES;
				CLANG_WARN_DIRECT_OBJC_ISA_USAGE = YES_ERROR;
				CLANG_WARN_DOCUMENTATION_COMMENTS = YES;
				CLANG_WARN_EMPTY_BODY = YES;
				CLANG_WARN_ENUM_CONVERSION = YES;
				CLANG_WARN_INFINITE_RECURSION = YES;
				CLANG_WARN_INT_CONVERSION = YES;
				CLANG_WARN_OBJC_ROOT_CLASS = YES_ERROR;
				CLANG_WARN_SUSPICIOUS_MOVE = YES;
				CLANG_WARN_UNREACHABLE_CODE = YES;
				CLANG_WARN__DUPLICATE_METHOD_MATCH = YES;
				"CODE_SIGN_IDENTITY[sdk=iphoneos*]" = "iPhone Developer";
				COPY_PHASE_STRIP = NO;
				DEBUG_INFORMATION_FORMAT = "dwarf-with-dsym";
				ENABLE_NS_ASSERTIONS = NO;
				ENABLE_STRICT_OBJC_MSGSEND = YES;
				GCC_C_LANGUAGE_STANDARD = gnu99;
				GCC_NO_COMMON_BLOCKS = YES;
				GCC_WARN_64_TO_32_BIT_CONVERSION = YES;
				GCC_WARN_ABOUT_RETURN_TYPE = YES_ERROR;
				GCC_WARN_UNDECLARED_SELECTOR = YES;
				GCC_WARN_UNINITIALIZED_AUTOS = YES_AGGRESSIVE;
				GCC_WARN_UNUSED_FUNCTION = YES;
				GCC_WARN_UNUSED_VARIABLE = YES;
				IPHONEOS_DEPLOYMENT_TARGET = 10.2;
				MTL_ENABLE_DEBUG_INFO = NO;
				SDKROOT = iphoneos;
				SWIFT_OPTIMIZATION_LEVEL = "-Owholemodule";
				VALIDATE_PRODUCT = YES;
			};
			name = Release;
		};
		52499A631E7BF7FD006061B2 /* Debug */ = {
			isa = XCBuildConfiguration;
			buildSettings = {
				ASSETCATALOG_COMPILER_APPICON_NAME = AppIcon;
				DEVELOPMENT_TEAM = 77R93D5R5W;
				ENABLE_BITCODE = YES;
				FRAMEWORK_SEARCH_PATHS = (
					"$(inherited)",
					"$(PROJECT_DIR)",
				);
				INFOPLIST_FILE = Houp/Info.plist;
				LD_RUNPATH_SEARCH_PATHS = "$(inherited) @executable_path/Frameworks";
				OTHER_LDFLAGS = "-ObjC";
				PRODUCT_BUNDLE_IDENTIFIER = com.sebpet.master.Houp;
				PRODUCT_NAME = "$(TARGET_NAME)";
				"SWIFT_OBJC_BRIDGING_HEADER[arch=*]" = Houp/Houp.h;
				SWIFT_VERSION = 3.0;
			};
			name = Debug;
		};
		52499A641E7BF7FD006061B2 /* Release */ = {
			isa = XCBuildConfiguration;
			buildSettings = {
				ASSETCATALOG_COMPILER_APPICON_NAME = AppIcon;
				DEVELOPMENT_TEAM = 77R93D5R5W;
				ENABLE_BITCODE = YES;
				FRAMEWORK_SEARCH_PATHS = (
					"$(inherited)",
					"$(PROJECT_DIR)",
				);
				INFOPLIST_FILE = Houp/Info.plist;
				LD_RUNPATH_SEARCH_PATHS = "$(inherited) @executable_path/Frameworks";
				OTHER_LDFLAGS = "-ObjC";
				PRODUCT_BUNDLE_IDENTIFIER = com.sebpet.master.Houp;
				PRODUCT_NAME = "$(TARGET_NAME)";
				SWIFT_VERSION = 3.0;
			};
			name = Release;
		};
/* End XCBuildConfiguration section */

/* Begin XCConfigurationList section */
		52499A481E7BF7FD006061B2 /* Build configuration list for PBXProject "Houp" */ = {
			isa = XCConfigurationList;
			buildConfigurations = (
				52499A601E7BF7FD006061B2 /* Debug */,
				52499A611E7BF7FD006061B2 /* Release */,
			);
			defaultConfigurationIsVisible = 0;
			defaultConfigurationName = Release;
		};
		52499A621E7BF7FD006061B2 /* Build configuration list for PBXNativeTarget "Houp" */ = {
			isa = XCConfigurationList;
			buildConfigurations = (
				52499A631E7BF7FD006061B2 /* Debug */,
				52499A641E7BF7FD006061B2 /* Release */,
			);
			defaultConfigurationIsVisible = 0;
			defaultConfigurationName = Release;
		};
/* End XCConfigurationList section */

/* Begin XCVersionGroup section */
		52499A571E7BF7FD006061B2 /* Houp.xcdatamodeld */ = {
			isa = XCVersionGroup;
			children = (
				52499A581E7BF7FD006061B2 /* Houp.xcdatamodel */,
			);
			currentVersion = 52499A581E7BF7FD006061B2 /* Houp.xcdatamodel */;
			path = Houp.xcdatamodeld;
			sourceTree = "<group>";
			versionGroupType = wrapper.xcdatamodel;
		};
/* End XCVersionGroup section */
	};
	rootObject = 52499A451E7BF7FD006061B2 /* Project object */;
}
